// !$*UTF8*$!
{
	archiveVersion = 1;
	classes = {
	};
	objectVersion = 46;
	objects = {

/* Begin PBXAggregateTarget section */
		"SwiftUtility::SwiftUtilityPackageTests::ProductTarget" /* SwiftUtilityDemoPackageTests */ = {
			isa = PBXAggregateTarget;
			buildConfigurationList = OBJ_232 /* Build configuration list for PBXAggregateTarget "SwiftUtilityDemoPackageTests" */;
			buildPhases = (
			);
			dependencies = (
				OBJ_235 /* PBXTargetDependency */,
			);
			name = SwiftUtilityDemoPackageTests;
			productName = SwiftUtilityPackageTests;
		};
/* End PBXAggregateTarget section */

/* Begin PBXBuildFile section */
		OBJ_125 /* Await.swift in Sources */ = {isa = PBXBuildFile; fileRef = OBJ_17 /* Await.swift */; };
		OBJ_126 /* ByteString.swift in Sources */ = {isa = PBXBuildFile; fileRef = OBJ_18 /* ByteString.swift */; };
		OBJ_127 /* CStringArray.swift in Sources */ = {isa = PBXBuildFile; fileRef = OBJ_19 /* CStringArray.swift */; };
		OBJ_128 /* CacheableSequence.swift in Sources */ = {isa = PBXBuildFile; fileRef = OBJ_20 /* CacheableSequence.swift */; };
		OBJ_129 /* CollectionAlgorithms.swift in Sources */ = {isa = PBXBuildFile; fileRef = OBJ_21 /* CollectionAlgorithms.swift */; };
		OBJ_130 /* CollectionExtensions.swift in Sources */ = {isa = PBXBuildFile; fileRef = OBJ_22 /* CollectionExtensions.swift */; };
		OBJ_131 /* Condition.swift in Sources */ = {isa = PBXBuildFile; fileRef = OBJ_23 /* Condition.swift */; };
		OBJ_132 /* DeltaAlgorithm.swift in Sources */ = {isa = PBXBuildFile; fileRef = OBJ_24 /* DeltaAlgorithm.swift */; };
		OBJ_133 /* DiagnosticsEngine.swift in Sources */ = {isa = PBXBuildFile; fileRef = OBJ_25 /* DiagnosticsEngine.swift */; };
		OBJ_134 /* DictionaryExtensions.swift in Sources */ = {isa = PBXBuildFile; fileRef = OBJ_26 /* DictionaryExtensions.swift */; };
		OBJ_135 /* DictionaryLiteralExtensions.swift in Sources */ = {isa = PBXBuildFile; fileRef = OBJ_27 /* DictionaryLiteralExtensions.swift */; };
		OBJ_136 /* EditDistance.swift in Sources */ = {isa = PBXBuildFile; fileRef = OBJ_28 /* EditDistance.swift */; };
		OBJ_137 /* FileSystem.swift in Sources */ = {isa = PBXBuildFile; fileRef = OBJ_29 /* FileSystem.swift */; };
		OBJ_138 /* GraphAlgorithms.swift in Sources */ = {isa = PBXBuildFile; fileRef = OBJ_30 /* GraphAlgorithms.swift */; };
		OBJ_139 /* JSON.swift in Sources */ = {isa = PBXBuildFile; fileRef = OBJ_31 /* JSON.swift */; };
		OBJ_140 /* JSONMapper.swift in Sources */ = {isa = PBXBuildFile; fileRef = OBJ_32 /* JSONMapper.swift */; };
		OBJ_141 /* KeyedPair.swift in Sources */ = {isa = PBXBuildFile; fileRef = OBJ_33 /* KeyedPair.swift */; };
		OBJ_142 /* LazyCache.swift in Sources */ = {isa = PBXBuildFile; fileRef = OBJ_34 /* LazyCache.swift */; };
		OBJ_143 /* Lock.swift in Sources */ = {isa = PBXBuildFile; fileRef = OBJ_35 /* Lock.swift */; };
		OBJ_144 /* ObjectIdentifierProtocol.swift in Sources */ = {isa = PBXBuildFile; fileRef = OBJ_36 /* ObjectIdentifierProtocol.swift */; };
		OBJ_145 /* OrderedDictionary.swift in Sources */ = {isa = PBXBuildFile; fileRef = OBJ_37 /* OrderedDictionary.swift */; };
		OBJ_146 /* OrderedSet.swift in Sources */ = {isa = PBXBuildFile; fileRef = OBJ_38 /* OrderedSet.swift */; };
		OBJ_147 /* OutputByteStream.swift in Sources */ = {isa = PBXBuildFile; fileRef = OBJ_39 /* OutputByteStream.swift */; };
		OBJ_148 /* Path.swift in Sources */ = {isa = PBXBuildFile; fileRef = OBJ_40 /* Path.swift */; };
		OBJ_149 /* PathShims.swift in Sources */ = {isa = PBXBuildFile; fileRef = OBJ_41 /* PathShims.swift */; };
		OBJ_150 /* Process.swift in Sources */ = {isa = PBXBuildFile; fileRef = OBJ_42 /* Process.swift */; };
		OBJ_151 /* ProcessSet.swift in Sources */ = {isa = PBXBuildFile; fileRef = OBJ_43 /* ProcessSet.swift */; };
		OBJ_152 /* RegEx.swift in Sources */ = {isa = PBXBuildFile; fileRef = OBJ_44 /* RegEx.swift */; };
		OBJ_153 /* Result.swift in Sources */ = {isa = PBXBuildFile; fileRef = OBJ_45 /* Result.swift */; };
		OBJ_154 /* SHA256.swift in Sources */ = {isa = PBXBuildFile; fileRef = OBJ_46 /* SHA256.swift */; };
		OBJ_155 /* SortedArray.swift in Sources */ = {isa = PBXBuildFile; fileRef = OBJ_47 /* SortedArray.swift */; };
		OBJ_156 /* StringConversions.swift in Sources */ = {isa = PBXBuildFile; fileRef = OBJ_48 /* StringConversions.swift */; };
		OBJ_157 /* SynchronizedQueue.swift in Sources */ = {isa = PBXBuildFile; fileRef = OBJ_49 /* SynchronizedQueue.swift */; };
		OBJ_158 /* TemporaryFile.swift in Sources */ = {isa = PBXBuildFile; fileRef = OBJ_50 /* TemporaryFile.swift */; };
		OBJ_159 /* TerminalController.swift in Sources */ = {isa = PBXBuildFile; fileRef = OBJ_51 /* TerminalController.swift */; };
		OBJ_160 /* Thread.swift in Sources */ = {isa = PBXBuildFile; fileRef = OBJ_52 /* Thread.swift */; };
		OBJ_161 /* Tuple.swift in Sources */ = {isa = PBXBuildFile; fileRef = OBJ_53 /* Tuple.swift */; };
		OBJ_162 /* misc.swift in Sources */ = {isa = PBXBuildFile; fileRef = OBJ_54 /* misc.swift */; };
		OBJ_164 /* POSIX.framework in Frameworks */ = {isa = PBXBuildFile; fileRef = "SwiftPM::POSIX::Product" /* POSIX.framework */; };
		OBJ_165 /* SPMLibc.framework in Frameworks */ = {isa = PBXBuildFile; fileRef = "SwiftPM::SPMLibc::Product" /* SPMLibc.framework */; };
		OBJ_166 /* clibc.framework in Frameworks */ = {isa = PBXBuildFile; fileRef = "SwiftPM::clibc::Product" /* clibc.framework */; };
		OBJ_177 /* Error.swift in Sources */ = {isa = PBXBuildFile; fileRef = OBJ_58 /* Error.swift */; };
		OBJ_178 /* chdir.swift in Sources */ = {isa = PBXBuildFile; fileRef = OBJ_59 /* chdir.swift */; };
		OBJ_179 /* env.swift in Sources */ = {isa = PBXBuildFile; fileRef = OBJ_60 /* env.swift */; };
		OBJ_180 /* exit.swift in Sources */ = {isa = PBXBuildFile; fileRef = OBJ_61 /* exit.swift */; };
		OBJ_181 /* getcwd.swift in Sources */ = {isa = PBXBuildFile; fileRef = OBJ_62 /* getcwd.swift */; };
		OBJ_182 /* isatty.swift in Sources */ = {isa = PBXBuildFile; fileRef = OBJ_63 /* isatty.swift */; };
		OBJ_183 /* readdir.swift in Sources */ = {isa = PBXBuildFile; fileRef = OBJ_64 /* readdir.swift */; };
		OBJ_184 /* realpath.swift in Sources */ = {isa = PBXBuildFile; fileRef = OBJ_65 /* realpath.swift */; };
		OBJ_185 /* rename.swift in Sources */ = {isa = PBXBuildFile; fileRef = OBJ_66 /* rename.swift */; };
		OBJ_186 /* stat.swift in Sources */ = {isa = PBXBuildFile; fileRef = OBJ_67 /* stat.swift */; };
		OBJ_187 /* usleep.swift in Sources */ = {isa = PBXBuildFile; fileRef = OBJ_68 /* usleep.swift */; };
		OBJ_189 /* SPMLibc.framework in Frameworks */ = {isa = PBXBuildFile; fileRef = "SwiftPM::SPMLibc::Product" /* SPMLibc.framework */; };
		OBJ_190 /* clibc.framework in Frameworks */ = {isa = PBXBuildFile; fileRef = "SwiftPM::clibc::Product" /* clibc.framework */; };
		OBJ_197 /* libc.swift in Sources */ = {isa = PBXBuildFile; fileRef = OBJ_75 /* libc.swift */; };
		OBJ_199 /* clibc.framework in Frameworks */ = {isa = PBXBuildFile; fileRef = "SwiftPM::clibc::Product" /* clibc.framework */; };
		OBJ_206 /* Package.swift in Sources */ = {isa = PBXBuildFile; fileRef = OBJ_111 /* Package.swift */; };
		OBJ_212 /* main.swift in Sources */ = {isa = PBXBuildFile; fileRef = OBJ_9 /* main.swift */; };
		OBJ_214 /* Utility.framework in Frameworks */ = {isa = PBXBuildFile; fileRef = "SwiftPM::Utility::Product" /* Utility.framework */; };
		OBJ_215 /* Basic.framework in Frameworks */ = {isa = PBXBuildFile; fileRef = "SwiftPM::Basic::Product" /* Basic.framework */; };
		OBJ_216 /* POSIX.framework in Frameworks */ = {isa = PBXBuildFile; fileRef = "SwiftPM::POSIX::Product" /* POSIX.framework */; };
		OBJ_217 /* SPMLibc.framework in Frameworks */ = {isa = PBXBuildFile; fileRef = "SwiftPM::SPMLibc::Product" /* SPMLibc.framework */; };
		OBJ_218 /* clibc.framework in Frameworks */ = {isa = PBXBuildFile; fileRef = "SwiftPM::clibc::Product" /* clibc.framework */; };
		OBJ_230 /* Package.swift in Sources */ = {isa = PBXBuildFile; fileRef = OBJ_6 /* Package.swift */; };
		OBJ_241 /* SwiftUtilityTests.swift in Sources */ = {isa = PBXBuildFile; fileRef = OBJ_12 /* SwiftUtilityTests.swift */; };
		OBJ_242 /* XCTestManifests.swift in Sources */ = {isa = PBXBuildFile; fileRef = OBJ_13 /* XCTestManifests.swift */; };
		OBJ_244 /* Utility.framework in Frameworks */ = {isa = PBXBuildFile; fileRef = "SwiftPM::Utility::Product" /* Utility.framework */; };
		OBJ_245 /* Basic.framework in Frameworks */ = {isa = PBXBuildFile; fileRef = "SwiftPM::Basic::Product" /* Basic.framework */; };
		OBJ_246 /* POSIX.framework in Frameworks */ = {isa = PBXBuildFile; fileRef = "SwiftPM::POSIX::Product" /* POSIX.framework */; };
		OBJ_247 /* SPMLibc.framework in Frameworks */ = {isa = PBXBuildFile; fileRef = "SwiftPM::SPMLibc::Product" /* SPMLibc.framework */; };
		OBJ_248 /* clibc.framework in Frameworks */ = {isa = PBXBuildFile; fileRef = "SwiftPM::clibc::Product" /* clibc.framework */; };
		OBJ_259 /* ArgumentParser.swift in Sources */ = {isa = PBXBuildFile; fileRef = OBJ_80 /* ArgumentParser.swift */; };
		OBJ_260 /* ArgumentParserShellCompletion.swift in Sources */ = {isa = PBXBuildFile; fileRef = OBJ_81 /* ArgumentParserShellCompletion.swift */; };
		OBJ_261 /* BuildFlags.swift in Sources */ = {isa = PBXBuildFile; fileRef = OBJ_82 /* BuildFlags.swift */; };
		OBJ_262 /* CollectionExtensions.swift in Sources */ = {isa = PBXBuildFile; fileRef = OBJ_83 /* CollectionExtensions.swift */; };
		OBJ_263 /* Diagnostics.swift in Sources */ = {isa = PBXBuildFile; fileRef = OBJ_84 /* Diagnostics.swift */; };
		OBJ_264 /* Git.swift in Sources */ = {isa = PBXBuildFile; fileRef = OBJ_85 /* Git.swift */; };
		OBJ_265 /* InterruptHandler.swift in Sources */ = {isa = PBXBuildFile; fileRef = OBJ_86 /* InterruptHandler.swift */; };
		OBJ_266 /* PkgConfig.swift in Sources */ = {isa = PBXBuildFile; fileRef = OBJ_87 /* PkgConfig.swift */; };
		OBJ_267 /* Platform.swift in Sources */ = {isa = PBXBuildFile; fileRef = OBJ_88 /* Platform.swift */; };
		OBJ_268 /* Process.swift in Sources */ = {isa = PBXBuildFile; fileRef = OBJ_89 /* Process.swift */; };
		OBJ_269 /* ProgressBar.swift in Sources */ = {isa = PBXBuildFile; fileRef = OBJ_90 /* ProgressBar.swift */; };
		OBJ_270 /* SimplePersistence.swift in Sources */ = {isa = PBXBuildFile; fileRef = OBJ_91 /* SimplePersistence.swift */; };
		OBJ_271 /* StringExtensions.swift in Sources */ = {isa = PBXBuildFile; fileRef = OBJ_92 /* StringExtensions.swift */; };
		OBJ_272 /* StringMangling.swift in Sources */ = {isa = PBXBuildFile; fileRef = OBJ_93 /* StringMangling.swift */; };
		OBJ_273 /* URL.swift in Sources */ = {isa = PBXBuildFile; fileRef = OBJ_94 /* URL.swift */; };
		OBJ_274 /* Verbosity.swift in Sources */ = {isa = PBXBuildFile; fileRef = OBJ_95 /* Verbosity.swift */; };
		OBJ_275 /* Version.swift in Sources */ = {isa = PBXBuildFile; fileRef = OBJ_96 /* Version.swift */; };
		OBJ_276 /* Versioning.swift in Sources */ = {isa = PBXBuildFile; fileRef = OBJ_97 /* Versioning.swift */; };
		OBJ_277 /* misc.swift in Sources */ = {isa = PBXBuildFile; fileRef = OBJ_98 /* misc.swift */; };
		OBJ_279 /* Basic.framework in Frameworks */ = {isa = PBXBuildFile; fileRef = "SwiftPM::Basic::Product" /* Basic.framework */; };
		OBJ_280 /* POSIX.framework in Frameworks */ = {isa = PBXBuildFile; fileRef = "SwiftPM::POSIX::Product" /* POSIX.framework */; };
		OBJ_281 /* SPMLibc.framework in Frameworks */ = {isa = PBXBuildFile; fileRef = "SwiftPM::SPMLibc::Product" /* SPMLibc.framework */; };
		OBJ_282 /* clibc.framework in Frameworks */ = {isa = PBXBuildFile; fileRef = "SwiftPM::clibc::Product" /* clibc.framework */; };
		OBJ_291 /* libc.c in Sources */ = {isa = PBXBuildFile; fileRef = OBJ_102 /* libc.c */; };
/* End PBXBuildFile section */

/* Begin PBXContainerItemProxy section */
		0C9EF6B722A9AF5B00D41923 /* PBXContainerItemProxy */ = {
			isa = PBXContainerItemProxy;
			containerPortal = OBJ_1 /* Project object */;
			proxyType = 1;
			remoteGlobalIDString = "SwiftPM::Utility";
			remoteInfo = Utility;
		};
		0C9EF6B822A9AF5B00D41923 /* PBXContainerItemProxy */ = {
			isa = PBXContainerItemProxy;
			containerPortal = OBJ_1 /* Project object */;
			proxyType = 1;
			remoteGlobalIDString = "SwiftPM::Basic";
			remoteInfo = Basic;
		};
		0C9EF6B922A9AF5B00D41923 /* PBXContainerItemProxy */ = {
			isa = PBXContainerItemProxy;
			containerPortal = OBJ_1 /* Project object */;
			proxyType = 1;
			remoteGlobalIDString = "SwiftPM::POSIX";
			remoteInfo = POSIX;
		};
		0C9EF6BA22A9AF5B00D41923 /* PBXContainerItemProxy */ = {
			isa = PBXContainerItemProxy;
			containerPortal = OBJ_1 /* Project object */;
			proxyType = 1;
			remoteGlobalIDString = "SwiftPM::SPMLibc";
			remoteInfo = SPMLibc;
		};
		0C9EF6BB22A9AF5B00D41923 /* PBXContainerItemProxy */ = {
			isa = PBXContainerItemProxy;
			containerPortal = OBJ_1 /* Project object */;
			proxyType = 1;
			remoteGlobalIDString = "SwiftPM::clibc";
			remoteInfo = clibc;
		};
		0C9EF6BC22A9AF5B00D41923 /* PBXContainerItemProxy */ = {
			isa = PBXContainerItemProxy;
			containerPortal = OBJ_1 /* Project object */;
			proxyType = 1;
			remoteGlobalIDString = "SwiftPM::clibc";
			remoteInfo = clibc;
		};
		0C9EF6BD22A9AF5B00D41923 /* PBXContainerItemProxy */ = {
			isa = PBXContainerItemProxy;
			containerPortal = OBJ_1 /* Project object */;
			proxyType = 1;
			remoteGlobalIDString = "SwiftPM::SPMLibc";
			remoteInfo = SPMLibc;
		};
		0C9EF6BE22A9AF5B00D41923 /* PBXContainerItemProxy */ = {
			isa = PBXContainerItemProxy;
			containerPortal = OBJ_1 /* Project object */;
			proxyType = 1;
			remoteGlobalIDString = "SwiftPM::clibc";
			remoteInfo = clibc;
		};
		0C9EF6BF22A9AF5B00D41923 /* PBXContainerItemProxy */ = {
			isa = PBXContainerItemProxy;
			containerPortal = OBJ_1 /* Project object */;
			proxyType = 1;
			remoteGlobalIDString = "SwiftPM::POSIX";
			remoteInfo = POSIX;
		};
		0C9EF6C022A9AF5B00D41923 /* PBXContainerItemProxy */ = {
			isa = PBXContainerItemProxy;
			containerPortal = OBJ_1 /* Project object */;
			proxyType = 1;
			remoteGlobalIDString = "SwiftPM::SPMLibc";
			remoteInfo = SPMLibc;
		};
		0C9EF6C122A9AF5B00D41923 /* PBXContainerItemProxy */ = {
			isa = PBXContainerItemProxy;
			containerPortal = OBJ_1 /* Project object */;
			proxyType = 1;
			remoteGlobalIDString = "SwiftPM::clibc";
			remoteInfo = clibc;
		};
		0C9EF6C222A9AF5B00D41923 /* PBXContainerItemProxy */ = {
			isa = PBXContainerItemProxy;
			containerPortal = OBJ_1 /* Project object */;
			proxyType = 1;
			remoteGlobalIDString = "SwiftPM::Basic";
			remoteInfo = Basic;
		};
		0C9EF6C322A9AF5B00D41923 /* PBXContainerItemProxy */ = {
			isa = PBXContainerItemProxy;
			containerPortal = OBJ_1 /* Project object */;
			proxyType = 1;
			remoteGlobalIDString = "SwiftPM::POSIX";
			remoteInfo = POSIX;
		};
		0C9EF6C422A9AF5B00D41923 /* PBXContainerItemProxy */ = {
			isa = PBXContainerItemProxy;
			containerPortal = OBJ_1 /* Project object */;
			proxyType = 1;
			remoteGlobalIDString = "SwiftPM::SPMLibc";
			remoteInfo = SPMLibc;
		};
		0C9EF6C522A9AF5B00D41923 /* PBXContainerItemProxy */ = {
			isa = PBXContainerItemProxy;
			containerPortal = OBJ_1 /* Project object */;
			proxyType = 1;
			remoteGlobalIDString = "SwiftPM::clibc";
			remoteInfo = clibc;
		};
		0C9EF6C622A9AF5B00D41923 /* PBXContainerItemProxy */ = {
			isa = PBXContainerItemProxy;
			containerPortal = OBJ_1 /* Project object */;
			proxyType = 1;
			remoteGlobalIDString = "SwiftUtility::SwiftUtility";
			remoteInfo = SwiftUtility;
		};
		0C9EF6C722A9AF5B00D41923 /* PBXContainerItemProxy */ = {
			isa = PBXContainerItemProxy;
			containerPortal = OBJ_1 /* Project object */;
			proxyType = 1;
			remoteGlobalIDString = "SwiftPM::Utility";
			remoteInfo = Utility;
		};
		0C9EF6C822A9AF5B00D41923 /* PBXContainerItemProxy */ = {
			isa = PBXContainerItemProxy;
			containerPortal = OBJ_1 /* Project object */;
			proxyType = 1;
			remoteGlobalIDString = "SwiftPM::Basic";
			remoteInfo = Basic;
		};
		0C9EF6C922A9AF5B00D41923 /* PBXContainerItemProxy */ = {
			isa = PBXContainerItemProxy;
			containerPortal = OBJ_1 /* Project object */;
			proxyType = 1;
			remoteGlobalIDString = "SwiftPM::POSIX";
			remoteInfo = POSIX;
		};
		0C9EF6CA22A9AF5B00D41923 /* PBXContainerItemProxy */ = {
			isa = PBXContainerItemProxy;
			containerPortal = OBJ_1 /* Project object */;
			proxyType = 1;
			remoteGlobalIDString = "SwiftPM::SPMLibc";
			remoteInfo = SPMLibc;
		};
		0C9EF6CB22A9AF5B00D41923 /* PBXContainerItemProxy */ = {
			isa = PBXContainerItemProxy;
			containerPortal = OBJ_1 /* Project object */;
			proxyType = 1;
			remoteGlobalIDString = "SwiftPM::clibc";
			remoteInfo = clibc;
		};
		0C9EF6CC22A9AF5D00D41923 /* PBXContainerItemProxy */ = {
			isa = PBXContainerItemProxy;
			containerPortal = OBJ_1 /* Project object */;
			proxyType = 1;
			remoteGlobalIDString = "SwiftUtility::SwiftUtilityTests";
			remoteInfo = SwiftUtilityTests;
		};
/* End PBXContainerItemProxy section */

/* Begin PBXFileReference section */
		OBJ_102 /* libc.c */ = {isa = PBXFileReference; lastKnownFileType = sourcecode.c.c; path = libc.c; sourceTree = "<group>"; };
		OBJ_104 /* clibc.h */ = {isa = PBXFileReference; lastKnownFileType = sourcecode.c.h; path = clibc.h; sourceTree = "<group>"; };
		OBJ_105 /* module.modulemap */ = {isa = PBXFileReference; lastKnownFileType = "sourcecode.module-map"; name = module.modulemap; path = "/Users/hawkinsja/Development/SwiftUtility/.build/checkouts/swift-package-manager/Sources/clibc/include/module.modulemap"; sourceTree = "<group>"; };
		OBJ_111 /* Package.swift */ = {isa = PBXFileReference; explicitFileType = sourcecode.swift; name = Package.swift; path = "/Users/hawkinsja/Development/SwiftUtility/.build/checkouts/swift-package-manager/Package.swift"; sourceTree = "<group>"; };
		OBJ_12 /* SwiftUtilityTests.swift */ = {isa = PBXFileReference; lastKnownFileType = sourcecode.swift; path = SwiftUtilityTests.swift; sourceTree = "<group>"; };
		OBJ_13 /* XCTestManifests.swift */ = {isa = PBXFileReference; lastKnownFileType = sourcecode.swift; path = XCTestManifests.swift; sourceTree = "<group>"; };
		OBJ_17 /* Await.swift */ = {isa = PBXFileReference; lastKnownFileType = sourcecode.swift; path = Await.swift; sourceTree = "<group>"; };
		OBJ_18 /* ByteString.swift */ = {isa = PBXFileReference; lastKnownFileType = sourcecode.swift; path = ByteString.swift; sourceTree = "<group>"; };
		OBJ_19 /* CStringArray.swift */ = {isa = PBXFileReference; lastKnownFileType = sourcecode.swift; path = CStringArray.swift; sourceTree = "<group>"; };
		OBJ_20 /* CacheableSequence.swift */ = {isa = PBXFileReference; lastKnownFileType = sourcecode.swift; path = CacheableSequence.swift; sourceTree = "<group>"; };
		OBJ_21 /* CollectionAlgorithms.swift */ = {isa = PBXFileReference; lastKnownFileType = sourcecode.swift; path = CollectionAlgorithms.swift; sourceTree = "<group>"; };
		OBJ_22 /* CollectionExtensions.swift */ = {isa = PBXFileReference; lastKnownFileType = sourcecode.swift; path = CollectionExtensions.swift; sourceTree = "<group>"; };
		OBJ_23 /* Condition.swift */ = {isa = PBXFileReference; lastKnownFileType = sourcecode.swift; path = Condition.swift; sourceTree = "<group>"; };
		OBJ_24 /* DeltaAlgorithm.swift */ = {isa = PBXFileReference; lastKnownFileType = sourcecode.swift; path = DeltaAlgorithm.swift; sourceTree = "<group>"; };
		OBJ_25 /* DiagnosticsEngine.swift */ = {isa = PBXFileReference; lastKnownFileType = sourcecode.swift; path = DiagnosticsEngine.swift; sourceTree = "<group>"; };
		OBJ_26 /* DictionaryExtensions.swift */ = {isa = PBXFileReference; lastKnownFileType = sourcecode.swift; path = DictionaryExtensions.swift; sourceTree = "<group>"; };
		OBJ_27 /* DictionaryLiteralExtensions.swift */ = {isa = PBXFileReference; lastKnownFileType = sourcecode.swift; path = DictionaryLiteralExtensions.swift; sourceTree = "<group>"; };
		OBJ_28 /* EditDistance.swift */ = {isa = PBXFileReference; lastKnownFileType = sourcecode.swift; path = EditDistance.swift; sourceTree = "<group>"; };
		OBJ_29 /* FileSystem.swift */ = {isa = PBXFileReference; lastKnownFileType = sourcecode.swift; path = FileSystem.swift; sourceTree = "<group>"; };
		OBJ_30 /* GraphAlgorithms.swift */ = {isa = PBXFileReference; lastKnownFileType = sourcecode.swift; path = GraphAlgorithms.swift; sourceTree = "<group>"; };
		OBJ_31 /* JSON.swift */ = {isa = PBXFileReference; lastKnownFileType = sourcecode.swift; path = JSON.swift; sourceTree = "<group>"; };
		OBJ_32 /* JSONMapper.swift */ = {isa = PBXFileReference; lastKnownFileType = sourcecode.swift; path = JSONMapper.swift; sourceTree = "<group>"; };
		OBJ_33 /* KeyedPair.swift */ = {isa = PBXFileReference; lastKnownFileType = sourcecode.swift; path = KeyedPair.swift; sourceTree = "<group>"; };
		OBJ_34 /* LazyCache.swift */ = {isa = PBXFileReference; lastKnownFileType = sourcecode.swift; path = LazyCache.swift; sourceTree = "<group>"; };
		OBJ_35 /* Lock.swift */ = {isa = PBXFileReference; lastKnownFileType = sourcecode.swift; path = Lock.swift; sourceTree = "<group>"; };
		OBJ_36 /* ObjectIdentifierProtocol.swift */ = {isa = PBXFileReference; lastKnownFileType = sourcecode.swift; path = ObjectIdentifierProtocol.swift; sourceTree = "<group>"; };
		OBJ_37 /* OrderedDictionary.swift */ = {isa = PBXFileReference; lastKnownFileType = sourcecode.swift; path = OrderedDictionary.swift; sourceTree = "<group>"; };
		OBJ_38 /* OrderedSet.swift */ = {isa = PBXFileReference; lastKnownFileType = sourcecode.swift; path = OrderedSet.swift; sourceTree = "<group>"; };
		OBJ_39 /* OutputByteStream.swift */ = {isa = PBXFileReference; lastKnownFileType = sourcecode.swift; path = OutputByteStream.swift; sourceTree = "<group>"; };
		OBJ_40 /* Path.swift */ = {isa = PBXFileReference; lastKnownFileType = sourcecode.swift; path = Path.swift; sourceTree = "<group>"; };
		OBJ_41 /* PathShims.swift */ = {isa = PBXFileReference; lastKnownFileType = sourcecode.swift; path = PathShims.swift; sourceTree = "<group>"; };
		OBJ_42 /* Process.swift */ = {isa = PBXFileReference; lastKnownFileType = sourcecode.swift; path = Process.swift; sourceTree = "<group>"; };
		OBJ_43 /* ProcessSet.swift */ = {isa = PBXFileReference; lastKnownFileType = sourcecode.swift; path = ProcessSet.swift; sourceTree = "<group>"; };
		OBJ_44 /* RegEx.swift */ = {isa = PBXFileReference; lastKnownFileType = sourcecode.swift; path = RegEx.swift; sourceTree = "<group>"; };
		OBJ_45 /* Result.swift */ = {isa = PBXFileReference; lastKnownFileType = sourcecode.swift; path = Result.swift; sourceTree = "<group>"; };
		OBJ_46 /* SHA256.swift */ = {isa = PBXFileReference; lastKnownFileType = sourcecode.swift; path = SHA256.swift; sourceTree = "<group>"; };
		OBJ_47 /* SortedArray.swift */ = {isa = PBXFileReference; lastKnownFileType = sourcecode.swift; path = SortedArray.swift; sourceTree = "<group>"; };
		OBJ_48 /* StringConversions.swift */ = {isa = PBXFileReference; lastKnownFileType = sourcecode.swift; path = StringConversions.swift; sourceTree = "<group>"; };
		OBJ_49 /* SynchronizedQueue.swift */ = {isa = PBXFileReference; lastKnownFileType = sourcecode.swift; path = SynchronizedQueue.swift; sourceTree = "<group>"; };
		OBJ_50 /* TemporaryFile.swift */ = {isa = PBXFileReference; lastKnownFileType = sourcecode.swift; path = TemporaryFile.swift; sourceTree = "<group>"; };
		OBJ_51 /* TerminalController.swift */ = {isa = PBXFileReference; lastKnownFileType = sourcecode.swift; path = TerminalController.swift; sourceTree = "<group>"; };
		OBJ_52 /* Thread.swift */ = {isa = PBXFileReference; lastKnownFileType = sourcecode.swift; path = Thread.swift; sourceTree = "<group>"; };
		OBJ_53 /* Tuple.swift */ = {isa = PBXFileReference; lastKnownFileType = sourcecode.swift; path = Tuple.swift; sourceTree = "<group>"; };
		OBJ_54 /* misc.swift */ = {isa = PBXFileReference; lastKnownFileType = sourcecode.swift; path = misc.swift; sourceTree = "<group>"; };
		OBJ_58 /* Error.swift */ = {isa = PBXFileReference; lastKnownFileType = sourcecode.swift; path = Error.swift; sourceTree = "<group>"; };
		OBJ_59 /* chdir.swift */ = {isa = PBXFileReference; lastKnownFileType = sourcecode.swift; path = chdir.swift; sourceTree = "<group>"; };
		OBJ_6 /* Package.swift */ = {isa = PBXFileReference; explicitFileType = sourcecode.swift; path = Package.swift; sourceTree = "<group>"; };
		OBJ_60 /* env.swift */ = {isa = PBXFileReference; lastKnownFileType = sourcecode.swift; path = env.swift; sourceTree = "<group>"; };
		OBJ_61 /* exit.swift */ = {isa = PBXFileReference; lastKnownFileType = sourcecode.swift; path = exit.swift; sourceTree = "<group>"; };
		OBJ_62 /* getcwd.swift */ = {isa = PBXFileReference; lastKnownFileType = sourcecode.swift; path = getcwd.swift; sourceTree = "<group>"; };
		OBJ_63 /* isatty.swift */ = {isa = PBXFileReference; lastKnownFileType = sourcecode.swift; path = isatty.swift; sourceTree = "<group>"; };
		OBJ_64 /* readdir.swift */ = {isa = PBXFileReference; lastKnownFileType = sourcecode.swift; path = readdir.swift; sourceTree = "<group>"; };
		OBJ_65 /* realpath.swift */ = {isa = PBXFileReference; lastKnownFileType = sourcecode.swift; path = realpath.swift; sourceTree = "<group>"; };
		OBJ_66 /* rename.swift */ = {isa = PBXFileReference; lastKnownFileType = sourcecode.swift; path = rename.swift; sourceTree = "<group>"; };
		OBJ_67 /* stat.swift */ = {isa = PBXFileReference; lastKnownFileType = sourcecode.swift; path = stat.swift; sourceTree = "<group>"; };
		OBJ_68 /* usleep.swift */ = {isa = PBXFileReference; lastKnownFileType = sourcecode.swift; path = usleep.swift; sourceTree = "<group>"; };
		OBJ_75 /* libc.swift */ = {isa = PBXFileReference; lastKnownFileType = sourcecode.swift; path = libc.swift; sourceTree = "<group>"; };
		OBJ_80 /* ArgumentParser.swift */ = {isa = PBXFileReference; lastKnownFileType = sourcecode.swift; path = ArgumentParser.swift; sourceTree = "<group>"; };
		OBJ_81 /* ArgumentParserShellCompletion.swift */ = {isa = PBXFileReference; lastKnownFileType = sourcecode.swift; path = ArgumentParserShellCompletion.swift; sourceTree = "<group>"; };
		OBJ_82 /* BuildFlags.swift */ = {isa = PBXFileReference; lastKnownFileType = sourcecode.swift; path = BuildFlags.swift; sourceTree = "<group>"; };
		OBJ_83 /* CollectionExtensions.swift */ = {isa = PBXFileReference; lastKnownFileType = sourcecode.swift; path = CollectionExtensions.swift; sourceTree = "<group>"; };
		OBJ_84 /* Diagnostics.swift */ = {isa = PBXFileReference; lastKnownFileType = sourcecode.swift; path = Diagnostics.swift; sourceTree = "<group>"; };
		OBJ_85 /* Git.swift */ = {isa = PBXFileReference; lastKnownFileType = sourcecode.swift; path = Git.swift; sourceTree = "<group>"; };
		OBJ_86 /* InterruptHandler.swift */ = {isa = PBXFileReference; lastKnownFileType = sourcecode.swift; path = InterruptHandler.swift; sourceTree = "<group>"; };
		OBJ_87 /* PkgConfig.swift */ = {isa = PBXFileReference; lastKnownFileType = sourcecode.swift; path = PkgConfig.swift; sourceTree = "<group>"; };
		OBJ_88 /* Platform.swift */ = {isa = PBXFileReference; lastKnownFileType = sourcecode.swift; path = Platform.swift; sourceTree = "<group>"; };
		OBJ_89 /* Process.swift */ = {isa = PBXFileReference; lastKnownFileType = sourcecode.swift; path = Process.swift; sourceTree = "<group>"; };
		OBJ_9 /* main.swift */ = {isa = PBXFileReference; lastKnownFileType = sourcecode.swift; path = main.swift; sourceTree = "<group>"; };
		OBJ_90 /* ProgressBar.swift */ = {isa = PBXFileReference; lastKnownFileType = sourcecode.swift; path = ProgressBar.swift; sourceTree = "<group>"; };
		OBJ_91 /* SimplePersistence.swift */ = {isa = PBXFileReference; lastKnownFileType = sourcecode.swift; path = SimplePersistence.swift; sourceTree = "<group>"; };
		OBJ_92 /* StringExtensions.swift */ = {isa = PBXFileReference; lastKnownFileType = sourcecode.swift; path = StringExtensions.swift; sourceTree = "<group>"; };
		OBJ_93 /* StringMangling.swift */ = {isa = PBXFileReference; lastKnownFileType = sourcecode.swift; path = StringMangling.swift; sourceTree = "<group>"; };
		OBJ_94 /* URL.swift */ = {isa = PBXFileReference; lastKnownFileType = sourcecode.swift; path = URL.swift; sourceTree = "<group>"; };
		OBJ_95 /* Verbosity.swift */ = {isa = PBXFileReference; lastKnownFileType = sourcecode.swift; path = Verbosity.swift; sourceTree = "<group>"; };
		OBJ_96 /* Version.swift */ = {isa = PBXFileReference; lastKnownFileType = sourcecode.swift; path = Version.swift; sourceTree = "<group>"; };
		OBJ_97 /* Versioning.swift */ = {isa = PBXFileReference; lastKnownFileType = sourcecode.swift; path = Versioning.swift; sourceTree = "<group>"; };
		OBJ_98 /* misc.swift */ = {isa = PBXFileReference; lastKnownFileType = sourcecode.swift; path = misc.swift; sourceTree = "<group>"; };
		"SwiftPM::Basic::Product" /* Basic.framework */ = {isa = PBXFileReference; lastKnownFileType = wrapper.framework; path = Basic.framework; sourceTree = BUILT_PRODUCTS_DIR; };
		"SwiftPM::POSIX::Product" /* POSIX.framework */ = {isa = PBXFileReference; lastKnownFileType = wrapper.framework; path = POSIX.framework; sourceTree = BUILT_PRODUCTS_DIR; };
		"SwiftPM::SPMLibc::Product" /* SPMLibc.framework */ = {isa = PBXFileReference; lastKnownFileType = wrapper.framework; path = SPMLibc.framework; sourceTree = BUILT_PRODUCTS_DIR; };
		"SwiftPM::Utility::Product" /* Utility.framework */ = {isa = PBXFileReference; lastKnownFileType = wrapper.framework; path = Utility.framework; sourceTree = BUILT_PRODUCTS_DIR; };
		"SwiftPM::clibc::Product" /* clibc.framework */ = {isa = PBXFileReference; lastKnownFileType = wrapper.framework; path = clibc.framework; sourceTree = BUILT_PRODUCTS_DIR; };
		"SwiftUtility::SwiftUtility::Product" /* SwiftUtilityDemo */ = {isa = PBXFileReference; explicitFileType = "compiled.mach-o.executable"; path = SwiftUtilityDemo; sourceTree = BUILT_PRODUCTS_DIR; };
		"SwiftUtility::SwiftUtilityTests::Product" /* SwiftUtilityDemoTests.xctest */ = {isa = PBXFileReference; explicitFileType = wrapper.cfbundle; path = SwiftUtilityDemoTests.xctest; sourceTree = BUILT_PRODUCTS_DIR; };
/* End PBXFileReference section */

/* Begin PBXFrameworksBuildPhase section */
		OBJ_163 /* Frameworks */ = {
			isa = PBXFrameworksBuildPhase;
			buildActionMask = 0;
			files = (
				OBJ_164 /* POSIX.framework in Frameworks */,
				OBJ_165 /* SPMLibc.framework in Frameworks */,
				OBJ_166 /* clibc.framework in Frameworks */,
			);
			runOnlyForDeploymentPostprocessing = 0;
		};
		OBJ_188 /* Frameworks */ = {
			isa = PBXFrameworksBuildPhase;
			buildActionMask = 0;
			files = (
				OBJ_189 /* SPMLibc.framework in Frameworks */,
				OBJ_190 /* clibc.framework in Frameworks */,
			);
			runOnlyForDeploymentPostprocessing = 0;
		};
		OBJ_198 /* Frameworks */ = {
			isa = PBXFrameworksBuildPhase;
			buildActionMask = 0;
			files = (
				OBJ_199 /* clibc.framework in Frameworks */,
			);
			runOnlyForDeploymentPostprocessing = 0;
		};
		OBJ_213 /* Frameworks */ = {
			isa = PBXFrameworksBuildPhase;
			buildActionMask = 0;
			files = (
				OBJ_214 /* Utility.framework in Frameworks */,
				OBJ_215 /* Basic.framework in Frameworks */,
				OBJ_216 /* POSIX.framework in Frameworks */,
				OBJ_217 /* SPMLibc.framework in Frameworks */,
				OBJ_218 /* clibc.framework in Frameworks */,
			);
			runOnlyForDeploymentPostprocessing = 0;
		};
		OBJ_243 /* Frameworks */ = {
			isa = PBXFrameworksBuildPhase;
			buildActionMask = 0;
			files = (
				OBJ_244 /* Utility.framework in Frameworks */,
				OBJ_245 /* Basic.framework in Frameworks */,
				OBJ_246 /* POSIX.framework in Frameworks */,
				OBJ_247 /* SPMLibc.framework in Frameworks */,
				OBJ_248 /* clibc.framework in Frameworks */,
			);
			runOnlyForDeploymentPostprocessing = 0;
		};
		OBJ_278 /* Frameworks */ = {
			isa = PBXFrameworksBuildPhase;
			buildActionMask = 0;
			files = (
				OBJ_279 /* Basic.framework in Frameworks */,
				OBJ_280 /* POSIX.framework in Frameworks */,
				OBJ_281 /* SPMLibc.framework in Frameworks */,
				OBJ_282 /* clibc.framework in Frameworks */,
			);
			runOnlyForDeploymentPostprocessing = 0;
		};
		OBJ_292 /* Frameworks */ = {
			isa = PBXFrameworksBuildPhase;
			buildActionMask = 0;
			files = (
			);
			runOnlyForDeploymentPostprocessing = 0;
		};
/* End PBXFrameworksBuildPhase section */

/* Begin PBXGroup section */
		OBJ_10 /* Tests */ = {
			isa = PBXGroup;
			children = (
				OBJ_11 /* SwiftUtilityTests */,
			);
			name = Tests;
			sourceTree = SOURCE_ROOT;
		};
		OBJ_100 /* Xcodeproj */ = {
			isa = PBXGroup;
			children = (
			);
			name = Xcodeproj;
			path = ".build/checkouts/swift-package-manager/Sources/Xcodeproj";
			sourceTree = SOURCE_ROOT;
		};
		OBJ_101 /* clibc */ = {
			isa = PBXGroup;
			children = (
				OBJ_102 /* libc.c */,
				OBJ_103 /* include */,
			);
			name = clibc;
			path = ".build/checkouts/swift-package-manager/Sources/clibc";
			sourceTree = SOURCE_ROOT;
		};
		OBJ_103 /* include */ = {
			isa = PBXGroup;
			children = (
				OBJ_104 /* clibc.h */,
				OBJ_105 /* module.modulemap */,
			);
			path = include;
			sourceTree = "<group>";
		};
		OBJ_106 /* swift-build */ = {
			isa = PBXGroup;
			children = (
			);
			name = "swift-build";
			path = ".build/checkouts/swift-package-manager/Sources/swift-build";
			sourceTree = SOURCE_ROOT;
		};
		OBJ_107 /* swift-package */ = {
			isa = PBXGroup;
			children = (
			);
			name = "swift-package";
			path = ".build/checkouts/swift-package-manager/Sources/swift-package";
			sourceTree = SOURCE_ROOT;
		};
		OBJ_108 /* swift-run */ = {
			isa = PBXGroup;
			children = (
			);
			name = "swift-run";
			path = ".build/checkouts/swift-package-manager/Sources/swift-run";
			sourceTree = SOURCE_ROOT;
		};
		OBJ_109 /* swift-test */ = {
			isa = PBXGroup;
			children = (
			);
			name = "swift-test";
			path = ".build/checkouts/swift-package-manager/Sources/swift-test";
			sourceTree = SOURCE_ROOT;
		};
		OBJ_11 /* SwiftUtilityTests */ = {
			isa = PBXGroup;
			children = (
				OBJ_12 /* SwiftUtilityTests.swift */,
				OBJ_13 /* XCTestManifests.swift */,
			);
			name = SwiftUtilityTests;
			path = Tests/SwiftUtilityTests;
			sourceTree = SOURCE_ROOT;
		};
		OBJ_110 /* swiftpm-xctest-helper */ = {
			isa = PBXGroup;
			children = (
			);
			name = "swiftpm-xctest-helper";
			path = ".build/checkouts/swift-package-manager/Sources/swiftpm-xctest-helper";
			sourceTree = SOURCE_ROOT;
		};
		OBJ_112 /* Products */ = {
			isa = PBXGroup;
			children = (
				"SwiftPM::Basic::Product" /* Basic.framework */,
				"SwiftPM::SPMLibc::Product" /* SPMLibc.framework */,
				"SwiftPM::Utility::Product" /* Utility.framework */,
				"SwiftUtility::SwiftUtilityTests::Product" /* SwiftUtilityDemoTests.xctest */,
				"SwiftPM::clibc::Product" /* clibc.framework */,
				"SwiftPM::POSIX::Product" /* POSIX.framework */,
				"SwiftUtility::SwiftUtility::Product" /* SwiftUtilityDemo */,
			);
			name = Products;
			sourceTree = BUILT_PRODUCTS_DIR;
		};
		OBJ_14 /* Dependencies */ = {
			isa = PBXGroup;
			children = (
				OBJ_15 /* SwiftPM 0.3.0 */,
			);
			name = Dependencies;
			sourceTree = "<group>";
		};
		OBJ_15 /* SwiftPM 0.3.0 */ = {
			isa = PBXGroup;
			children = (
				OBJ_16 /* Basic */,
				OBJ_55 /* Build */,
				OBJ_56 /* Commands */,
				OBJ_57 /* POSIX */,
				OBJ_69 /* PackageDescription */,
				OBJ_70 /* PackageDescription4 */,
				OBJ_71 /* PackageGraph */,
				OBJ_72 /* PackageLoading */,
				OBJ_73 /* PackageModel */,
				OBJ_74 /* SPMLibc */,
				OBJ_76 /* SourceControl */,
				OBJ_77 /* TestSupport */,
				OBJ_78 /* TestSupportExecutable */,
				OBJ_79 /* Utility */,
				OBJ_99 /* Workspace */,
				OBJ_100 /* Xcodeproj */,
				OBJ_101 /* clibc */,
				OBJ_106 /* swift-build */,
				OBJ_107 /* swift-package */,
				OBJ_108 /* swift-run */,
				OBJ_109 /* swift-test */,
				OBJ_110 /* swiftpm-xctest-helper */,
				OBJ_111 /* Package.swift */,
			);
			name = "SwiftPM 0.3.0";
			sourceTree = SOURCE_ROOT;
		};
		OBJ_16 /* Basic */ = {
			isa = PBXGroup;
			children = (
				OBJ_17 /* Await.swift */,
				OBJ_18 /* ByteString.swift */,
				OBJ_19 /* CStringArray.swift */,
				OBJ_20 /* CacheableSequence.swift */,
				OBJ_21 /* CollectionAlgorithms.swift */,
				OBJ_22 /* CollectionExtensions.swift */,
				OBJ_23 /* Condition.swift */,
				OBJ_24 /* DeltaAlgorithm.swift */,
				OBJ_25 /* DiagnosticsEngine.swift */,
				OBJ_26 /* DictionaryExtensions.swift */,
				OBJ_27 /* DictionaryLiteralExtensions.swift */,
				OBJ_28 /* EditDistance.swift */,
				OBJ_29 /* FileSystem.swift */,
				OBJ_30 /* GraphAlgorithms.swift */,
				OBJ_31 /* JSON.swift */,
				OBJ_32 /* JSONMapper.swift */,
				OBJ_33 /* KeyedPair.swift */,
				OBJ_34 /* LazyCache.swift */,
				OBJ_35 /* Lock.swift */,
				OBJ_36 /* ObjectIdentifierProtocol.swift */,
				OBJ_37 /* OrderedDictionary.swift */,
				OBJ_38 /* OrderedSet.swift */,
				OBJ_39 /* OutputByteStream.swift */,
				OBJ_40 /* Path.swift */,
				OBJ_41 /* PathShims.swift */,
				OBJ_42 /* Process.swift */,
				OBJ_43 /* ProcessSet.swift */,
				OBJ_44 /* RegEx.swift */,
				OBJ_45 /* Result.swift */,
				OBJ_46 /* SHA256.swift */,
				OBJ_47 /* SortedArray.swift */,
				OBJ_48 /* StringConversions.swift */,
				OBJ_49 /* SynchronizedQueue.swift */,
				OBJ_50 /* TemporaryFile.swift */,
				OBJ_51 /* TerminalController.swift */,
				OBJ_52 /* Thread.swift */,
				OBJ_53 /* Tuple.swift */,
				OBJ_54 /* misc.swift */,
			);
			name = Basic;
			path = ".build/checkouts/swift-package-manager/Sources/Basic";
			sourceTree = SOURCE_ROOT;
		};
		OBJ_5 /*  */ = {
			isa = PBXGroup;
			children = (
				OBJ_6 /* Package.swift */,
				OBJ_7 /* Sources */,
				OBJ_10 /* Tests */,
				OBJ_14 /* Dependencies */,
				OBJ_112 /* Products */,
			);
			name = "";
			sourceTree = "<group>";
		};
		OBJ_55 /* Build */ = {
			isa = PBXGroup;
			children = (
			);
			name = Build;
			path = ".build/checkouts/swift-package-manager/Sources/Build";
			sourceTree = SOURCE_ROOT;
		};
		OBJ_56 /* Commands */ = {
			isa = PBXGroup;
			children = (
			);
			name = Commands;
			path = ".build/checkouts/swift-package-manager/Sources/Commands";
			sourceTree = SOURCE_ROOT;
		};
		OBJ_57 /* POSIX */ = {
			isa = PBXGroup;
			children = (
				OBJ_58 /* Error.swift */,
				OBJ_59 /* chdir.swift */,
				OBJ_60 /* env.swift */,
				OBJ_61 /* exit.swift */,
				OBJ_62 /* getcwd.swift */,
				OBJ_63 /* isatty.swift */,
				OBJ_64 /* readdir.swift */,
				OBJ_65 /* realpath.swift */,
				OBJ_66 /* rename.swift */,
				OBJ_67 /* stat.swift */,
				OBJ_68 /* usleep.swift */,
			);
			name = POSIX;
			path = ".build/checkouts/swift-package-manager/Sources/POSIX";
			sourceTree = SOURCE_ROOT;
		};
		OBJ_69 /* PackageDescription */ = {
			isa = PBXGroup;
			children = (
			);
			name = PackageDescription;
			path = ".build/checkouts/swift-package-manager/Sources/PackageDescription";
			sourceTree = SOURCE_ROOT;
		};
		OBJ_7 /* Sources */ = {
			isa = PBXGroup;
			children = (
				OBJ_8 /* SwiftUtility */,
			);
			name = Sources;
			sourceTree = SOURCE_ROOT;
		};
		OBJ_70 /* PackageDescription4 */ = {
			isa = PBXGroup;
			children = (
			);
			name = PackageDescription4;
			path = ".build/checkouts/swift-package-manager/Sources/PackageDescription4";
			sourceTree = SOURCE_ROOT;
		};
		OBJ_71 /* PackageGraph */ = {
			isa = PBXGroup;
			children = (
			);
			name = PackageGraph;
			path = ".build/checkouts/swift-package-manager/Sources/PackageGraph";
			sourceTree = SOURCE_ROOT;
		};
		OBJ_72 /* PackageLoading */ = {
			isa = PBXGroup;
			children = (
			);
			name = PackageLoading;
			path = ".build/checkouts/swift-package-manager/Sources/PackageLoading";
			sourceTree = SOURCE_ROOT;
		};
		OBJ_73 /* PackageModel */ = {
			isa = PBXGroup;
			children = (
			);
			name = PackageModel;
			path = ".build/checkouts/swift-package-manager/Sources/PackageModel";
			sourceTree = SOURCE_ROOT;
		};
		OBJ_74 /* SPMLibc */ = {
			isa = PBXGroup;
			children = (
				OBJ_75 /* libc.swift */,
			);
			name = SPMLibc;
			path = ".build/checkouts/swift-package-manager/Sources/SPMLibc";
			sourceTree = SOURCE_ROOT;
		};
		OBJ_76 /* SourceControl */ = {
			isa = PBXGroup;
			children = (
			);
			name = SourceControl;
			path = ".build/checkouts/swift-package-manager/Sources/SourceControl";
			sourceTree = SOURCE_ROOT;
		};
		OBJ_77 /* TestSupport */ = {
			isa = PBXGroup;
			children = (
			);
			name = TestSupport;
			path = ".build/checkouts/swift-package-manager/Sources/TestSupport";
			sourceTree = SOURCE_ROOT;
		};
		OBJ_78 /* TestSupportExecutable */ = {
			isa = PBXGroup;
			children = (
			);
			name = TestSupportExecutable;
			path = ".build/checkouts/swift-package-manager/Sources/TestSupportExecutable";
			sourceTree = SOURCE_ROOT;
		};
		OBJ_79 /* Utility */ = {
			isa = PBXGroup;
			children = (
				OBJ_80 /* ArgumentParser.swift */,
				OBJ_81 /* ArgumentParserShellCompletion.swift */,
				OBJ_82 /* BuildFlags.swift */,
				OBJ_83 /* CollectionExtensions.swift */,
				OBJ_84 /* Diagnostics.swift */,
				OBJ_85 /* Git.swift */,
				OBJ_86 /* InterruptHandler.swift */,
				OBJ_87 /* PkgConfig.swift */,
				OBJ_88 /* Platform.swift */,
				OBJ_89 /* Process.swift */,
				OBJ_90 /* ProgressBar.swift */,
				OBJ_91 /* SimplePersistence.swift */,
				OBJ_92 /* StringExtensions.swift */,
				OBJ_93 /* StringMangling.swift */,
				OBJ_94 /* URL.swift */,
				OBJ_95 /* Verbosity.swift */,
				OBJ_96 /* Version.swift */,
				OBJ_97 /* Versioning.swift */,
				OBJ_98 /* misc.swift */,
			);
			name = Utility;
			path = ".build/checkouts/swift-package-manager/Sources/Utility";
			sourceTree = SOURCE_ROOT;
		};
		OBJ_8 /* SwiftUtility */ = {
			isa = PBXGroup;
			children = (
				OBJ_9 /* main.swift */,
			);
			name = SwiftUtility;
			path = Sources/SwiftUtility;
			sourceTree = SOURCE_ROOT;
		};
		OBJ_99 /* Workspace */ = {
			isa = PBXGroup;
			children = (
			);
			name = Workspace;
			path = ".build/checkouts/swift-package-manager/Sources/Workspace";
			sourceTree = SOURCE_ROOT;
		};
/* End PBXGroup section */

/* Begin PBXNativeTarget section */
		"SwiftPM::Basic" /* Basic */ = {
			isa = PBXNativeTarget;
			buildConfigurationList = OBJ_121 /* Build configuration list for PBXNativeTarget "Basic" */;
			buildPhases = (
				OBJ_124 /* Sources */,
				OBJ_163 /* Frameworks */,
			);
			buildRules = (
			);
			dependencies = (
				OBJ_167 /* PBXTargetDependency */,
				OBJ_169 /* PBXTargetDependency */,
				OBJ_171 /* PBXTargetDependency */,
			);
			name = Basic;
			productName = Basic;
			productReference = "SwiftPM::Basic::Product" /* Basic.framework */;
			productType = "com.apple.product-type.framework";
		};
		"SwiftPM::POSIX" /* POSIX */ = {
			isa = PBXNativeTarget;
			buildConfigurationList = OBJ_173 /* Build configuration list for PBXNativeTarget "POSIX" */;
			buildPhases = (
				OBJ_176 /* Sources */,
				OBJ_188 /* Frameworks */,
			);
			buildRules = (
			);
			dependencies = (
				OBJ_191 /* PBXTargetDependency */,
				OBJ_192 /* PBXTargetDependency */,
			);
			name = POSIX;
			productName = POSIX;
			productReference = "SwiftPM::POSIX::Product" /* POSIX.framework */;
			productType = "com.apple.product-type.framework";
		};
		"SwiftPM::SPMLibc" /* SPMLibc */ = {
			isa = PBXNativeTarget;
			buildConfigurationList = OBJ_193 /* Build configuration list for PBXNativeTarget "SPMLibc" */;
			buildPhases = (
				OBJ_196 /* Sources */,
				OBJ_198 /* Frameworks */,
			);
			buildRules = (
			);
			dependencies = (
				OBJ_200 /* PBXTargetDependency */,
			);
			name = SPMLibc;
			productName = SPMLibc;
			productReference = "SwiftPM::SPMLibc::Product" /* SPMLibc.framework */;
			productType = "com.apple.product-type.framework";
		};
		"SwiftPM::SwiftPMPackageDescription" /* SwiftPMPackageDescription */ = {
			isa = PBXNativeTarget;
			buildConfigurationList = OBJ_202 /* Build configuration list for PBXNativeTarget "SwiftPMPackageDescription" */;
			buildPhases = (
				OBJ_205 /* Sources */,
			);
			buildRules = (
			);
			dependencies = (
			);
			name = SwiftPMPackageDescription;
			productName = SwiftPMPackageDescription;
			productType = "com.apple.product-type.framework";
		};
		"SwiftPM::Utility" /* Utility */ = {
			isa = PBXNativeTarget;
			buildConfigurationList = OBJ_255 /* Build configuration list for PBXNativeTarget "Utility" */;
			buildPhases = (
				OBJ_258 /* Sources */,
				OBJ_278 /* Frameworks */,
			);
			buildRules = (
			);
			dependencies = (
				OBJ_283 /* PBXTargetDependency */,
				OBJ_284 /* PBXTargetDependency */,
				OBJ_285 /* PBXTargetDependency */,
				OBJ_286 /* PBXTargetDependency */,
			);
			name = Utility;
			productName = Utility;
			productReference = "SwiftPM::Utility::Product" /* Utility.framework */;
			productType = "com.apple.product-type.framework";
		};
		"SwiftPM::clibc" /* clibc */ = {
			isa = PBXNativeTarget;
			buildConfigurationList = OBJ_287 /* Build configuration list for PBXNativeTarget "clibc" */;
			buildPhases = (
				OBJ_290 /* Sources */,
				OBJ_292 /* Frameworks */,
			);
			buildRules = (
			);
			dependencies = (
			);
			name = clibc;
			productName = clibc;
			productReference = "SwiftPM::clibc::Product" /* clibc.framework */;
			productType = "com.apple.product-type.framework";
		};
		"SwiftUtility::SwiftPMPackageDescription" /* SwiftUtilityDemoPackageDescription */ = {
			isa = PBXNativeTarget;
			buildConfigurationList = OBJ_226 /* Build configuration list for PBXNativeTarget "SwiftUtilityDemoPackageDescription" */;
			buildPhases = (
				OBJ_229 /* Sources */,
			);
			buildRules = (
			);
			dependencies = (
			);
			name = SwiftUtilityDemoPackageDescription;
			productName = SwiftUtilityPackageDescription;
			productType = "com.apple.product-type.framework";
		};
		"SwiftUtility::SwiftUtility" /* SwiftUtilityDemo */ = {
			isa = PBXNativeTarget;
			buildConfigurationList = OBJ_208 /* Build configuration list for PBXNativeTarget "SwiftUtilityDemo" */;
			buildPhases = (
				OBJ_211 /* Sources */,
				OBJ_213 /* Frameworks */,
			);
			buildRules = (
			);
			dependencies = (
				OBJ_219 /* PBXTargetDependency */,
				OBJ_221 /* PBXTargetDependency */,
				OBJ_222 /* PBXTargetDependency */,
				OBJ_223 /* PBXTargetDependency */,
				OBJ_224 /* PBXTargetDependency */,
			);
			name = SwiftUtilityDemo;
			productName = SwiftUtility;
			productReference = "SwiftUtility::SwiftUtility::Product" /* SwiftUtilityDemo */;
			productType = "com.apple.product-type.tool";
		};
		"SwiftUtility::SwiftUtilityTests" /* SwiftUtilityDemoTests */ = {
			isa = PBXNativeTarget;
			buildConfigurationList = OBJ_237 /* Build configuration list for PBXNativeTarget "SwiftUtilityDemoTests" */;
			buildPhases = (
				OBJ_240 /* Sources */,
				OBJ_243 /* Frameworks */,
			);
			buildRules = (
			);
			dependencies = (
				OBJ_249 /* PBXTargetDependency */,
				OBJ_250 /* PBXTargetDependency */,
				OBJ_251 /* PBXTargetDependency */,
				OBJ_252 /* PBXTargetDependency */,
				OBJ_253 /* PBXTargetDependency */,
				OBJ_254 /* PBXTargetDependency */,
			);
			name = SwiftUtilityDemoTests;
			productName = SwiftUtilityTests;
			productReference = "SwiftUtility::SwiftUtilityTests::Product" /* SwiftUtilityDemoTests.xctest */;
			productType = "com.apple.product-type.bundle.unit-test";
		};
/* End PBXNativeTarget section */

/* Begin PBXProject section */
		OBJ_1 /* Project object */ = {
			isa = PBXProject;
			attributes = {
				LastSwiftMigration = 9999;
				LastUpgradeCheck = 9999;
			};
			buildConfigurationList = OBJ_2 /* Build configuration list for PBXProject "SwiftUtilityDemo" */;
			compatibilityVersion = "Xcode 3.2";
			developmentRegion = English;
			hasScannedForEncodings = 0;
			knownRegions = (
				English,
				en,
			);
			mainGroup = OBJ_5 /*  */;
			productRefGroup = OBJ_112 /* Products */;
			projectDirPath = "";
			projectRoot = "";
			targets = (
				"SwiftPM::Basic" /* Basic */,
				"SwiftPM::POSIX" /* POSIX */,
				"SwiftPM::SPMLibc" /* SPMLibc */,
				"SwiftPM::SwiftPMPackageDescription" /* SwiftPMPackageDescription */,
				"SwiftUtility::SwiftUtility" /* SwiftUtilityDemo */,
				"SwiftUtility::SwiftPMPackageDescription" /* SwiftUtilityDemoPackageDescription */,
				"SwiftUtility::SwiftUtilityPackageTests::ProductTarget" /* SwiftUtilityDemoPackageTests */,
				"SwiftUtility::SwiftUtilityTests" /* SwiftUtilityDemoTests */,
				"SwiftPM::Utility" /* Utility */,
				"SwiftPM::clibc" /* clibc */,
			);
		};
/* End PBXProject section */

/* Begin PBXSourcesBuildPhase section */
		OBJ_124 /* Sources */ = {
			isa = PBXSourcesBuildPhase;
			buildActionMask = 0;
			files = (
				OBJ_125 /* Await.swift in Sources */,
				OBJ_126 /* ByteString.swift in Sources */,
				OBJ_127 /* CStringArray.swift in Sources */,
				OBJ_128 /* CacheableSequence.swift in Sources */,
				OBJ_129 /* CollectionAlgorithms.swift in Sources */,
				OBJ_130 /* CollectionExtensions.swift in Sources */,
				OBJ_131 /* Condition.swift in Sources */,
				OBJ_132 /* DeltaAlgorithm.swift in Sources */,
				OBJ_133 /* DiagnosticsEngine.swift in Sources */,
				OBJ_134 /* DictionaryExtensions.swift in Sources */,
				OBJ_135 /* DictionaryLiteralExtensions.swift in Sources */,
				OBJ_136 /* EditDistance.swift in Sources */,
				OBJ_137 /* FileSystem.swift in Sources */,
				OBJ_138 /* GraphAlgorithms.swift in Sources */,
				OBJ_139 /* JSON.swift in Sources */,
				OBJ_140 /* JSONMapper.swift in Sources */,
				OBJ_141 /* KeyedPair.swift in Sources */,
				OBJ_142 /* LazyCache.swift in Sources */,
				OBJ_143 /* Lock.swift in Sources */,
				OBJ_144 /* ObjectIdentifierProtocol.swift in Sources */,
				OBJ_145 /* OrderedDictionary.swift in Sources */,
				OBJ_146 /* OrderedSet.swift in Sources */,
				OBJ_147 /* OutputByteStream.swift in Sources */,
				OBJ_148 /* Path.swift in Sources */,
				OBJ_149 /* PathShims.swift in Sources */,
				OBJ_150 /* Process.swift in Sources */,
				OBJ_151 /* ProcessSet.swift in Sources */,
				OBJ_152 /* RegEx.swift in Sources */,
				OBJ_153 /* Result.swift in Sources */,
				OBJ_154 /* SHA256.swift in Sources */,
				OBJ_155 /* SortedArray.swift in Sources */,
				OBJ_156 /* StringConversions.swift in Sources */,
				OBJ_157 /* SynchronizedQueue.swift in Sources */,
				OBJ_158 /* TemporaryFile.swift in Sources */,
				OBJ_159 /* TerminalController.swift in Sources */,
				OBJ_160 /* Thread.swift in Sources */,
				OBJ_161 /* Tuple.swift in Sources */,
				OBJ_162 /* misc.swift in Sources */,
			);
			runOnlyForDeploymentPostprocessing = 0;
		};
		OBJ_176 /* Sources */ = {
			isa = PBXSourcesBuildPhase;
			buildActionMask = 0;
			files = (
				OBJ_177 /* Error.swift in Sources */,
				OBJ_178 /* chdir.swift in Sources */,
				OBJ_179 /* env.swift in Sources */,
				OBJ_180 /* exit.swift in Sources */,
				OBJ_181 /* getcwd.swift in Sources */,
				OBJ_182 /* isatty.swift in Sources */,
				OBJ_183 /* readdir.swift in Sources */,
				OBJ_184 /* realpath.swift in Sources */,
				OBJ_185 /* rename.swift in Sources */,
				OBJ_186 /* stat.swift in Sources */,
				OBJ_187 /* usleep.swift in Sources */,
			);
			runOnlyForDeploymentPostprocessing = 0;
		};
		OBJ_196 /* Sources */ = {
			isa = PBXSourcesBuildPhase;
			buildActionMask = 0;
			files = (
				OBJ_197 /* libc.swift in Sources */,
			);
			runOnlyForDeploymentPostprocessing = 0;
		};
		OBJ_205 /* Sources */ = {
			isa = PBXSourcesBuildPhase;
			buildActionMask = 0;
			files = (
				OBJ_206 /* Package.swift in Sources */,
			);
			runOnlyForDeploymentPostprocessing = 0;
		};
		OBJ_211 /* Sources */ = {
			isa = PBXSourcesBuildPhase;
			buildActionMask = 0;
			files = (
				OBJ_212 /* main.swift in Sources */,
			);
			runOnlyForDeploymentPostprocessing = 0;
		};
		OBJ_229 /* Sources */ = {
			isa = PBXSourcesBuildPhase;
			buildActionMask = 0;
			files = (
				OBJ_230 /* Package.swift in Sources */,
			);
			runOnlyForDeploymentPostprocessing = 0;
		};
		OBJ_240 /* Sources */ = {
			isa = PBXSourcesBuildPhase;
			buildActionMask = 0;
			files = (
				OBJ_241 /* SwiftUtilityTests.swift in Sources */,
				OBJ_242 /* XCTestManifests.swift in Sources */,
			);
			runOnlyForDeploymentPostprocessing = 0;
		};
		OBJ_258 /* Sources */ = {
			isa = PBXSourcesBuildPhase;
			buildActionMask = 0;
			files = (
				OBJ_259 /* ArgumentParser.swift in Sources */,
				OBJ_260 /* ArgumentParserShellCompletion.swift in Sources */,
				OBJ_261 /* BuildFlags.swift in Sources */,
				OBJ_262 /* CollectionExtensions.swift in Sources */,
				OBJ_263 /* Diagnostics.swift in Sources */,
				OBJ_264 /* Git.swift in Sources */,
				OBJ_265 /* InterruptHandler.swift in Sources */,
				OBJ_266 /* PkgConfig.swift in Sources */,
				OBJ_267 /* Platform.swift in Sources */,
				OBJ_268 /* Process.swift in Sources */,
				OBJ_269 /* ProgressBar.swift in Sources */,
				OBJ_270 /* SimplePersistence.swift in Sources */,
				OBJ_271 /* StringExtensions.swift in Sources */,
				OBJ_272 /* StringMangling.swift in Sources */,
				OBJ_273 /* URL.swift in Sources */,
				OBJ_274 /* Verbosity.swift in Sources */,
				OBJ_275 /* Version.swift in Sources */,
				OBJ_276 /* Versioning.swift in Sources */,
				OBJ_277 /* misc.swift in Sources */,
			);
			runOnlyForDeploymentPostprocessing = 0;
		};
		OBJ_290 /* Sources */ = {
			isa = PBXSourcesBuildPhase;
			buildActionMask = 0;
			files = (
				OBJ_291 /* libc.c in Sources */,
			);
			runOnlyForDeploymentPostprocessing = 0;
		};
/* End PBXSourcesBuildPhase section */

/* Begin PBXTargetDependency section */
		OBJ_167 /* PBXTargetDependency */ = {
			isa = PBXTargetDependency;
			target = "SwiftPM::POSIX" /* POSIX */;
			targetProxy = 0C9EF6B922A9AF5B00D41923 /* PBXContainerItemProxy */;
		};
		OBJ_169 /* PBXTargetDependency */ = {
			isa = PBXTargetDependency;
			target = "SwiftPM::SPMLibc" /* SPMLibc */;
			targetProxy = 0C9EF6BD22A9AF5B00D41923 /* PBXContainerItemProxy */;
		};
		OBJ_171 /* PBXTargetDependency */ = {
			isa = PBXTargetDependency;
			target = "SwiftPM::clibc" /* clibc */;
			targetProxy = 0C9EF6BE22A9AF5B00D41923 /* PBXContainerItemProxy */;
		};
		OBJ_191 /* PBXTargetDependency */ = {
			isa = PBXTargetDependency;
			target = "SwiftPM::SPMLibc" /* SPMLibc */;
			targetProxy = 0C9EF6BA22A9AF5B00D41923 /* PBXContainerItemProxy */;
		};
		OBJ_192 /* PBXTargetDependency */ = {
			isa = PBXTargetDependency;
			target = "SwiftPM::clibc" /* clibc */;
			targetProxy = 0C9EF6BC22A9AF5B00D41923 /* PBXContainerItemProxy */;
		};
		OBJ_200 /* PBXTargetDependency */ = {
			isa = PBXTargetDependency;
			target = "SwiftPM::clibc" /* clibc */;
			targetProxy = 0C9EF6BB22A9AF5B00D41923 /* PBXContainerItemProxy */;
		};
		OBJ_219 /* PBXTargetDependency */ = {
			isa = PBXTargetDependency;
			target = "SwiftPM::Utility" /* Utility */;
			targetProxy = 0C9EF6B722A9AF5B00D41923 /* PBXContainerItemProxy */;
		};
		OBJ_221 /* PBXTargetDependency */ = {
			isa = PBXTargetDependency;
			target = "SwiftPM::Basic" /* Basic */;
			targetProxy = 0C9EF6C222A9AF5B00D41923 /* PBXContainerItemProxy */;
		};
		OBJ_222 /* PBXTargetDependency */ = {
			isa = PBXTargetDependency;
			target = "SwiftPM::POSIX" /* POSIX */;
			targetProxy = 0C9EF6C322A9AF5B00D41923 /* PBXContainerItemProxy */;
		};
		OBJ_223 /* PBXTargetDependency */ = {
			isa = PBXTargetDependency;
			target = "SwiftPM::SPMLibc" /* SPMLibc */;
			targetProxy = 0C9EF6C422A9AF5B00D41923 /* PBXContainerItemProxy */;
		};
		OBJ_224 /* PBXTargetDependency */ = {
			isa = PBXTargetDependency;
			target = "SwiftPM::clibc" /* clibc */;
			targetProxy = 0C9EF6C522A9AF5B00D41923 /* PBXContainerItemProxy */;
		};
		OBJ_235 /* PBXTargetDependency */ = {
			isa = PBXTargetDependency;
			target = "SwiftUtility::SwiftUtilityTests" /* SwiftUtilityDemoTests */;
			targetProxy = 0C9EF6CC22A9AF5D00D41923 /* PBXContainerItemProxy */;
		};
		OBJ_249 /* PBXTargetDependency */ = {
			isa = PBXTargetDependency;
			target = "SwiftUtility::SwiftUtility" /* SwiftUtilityDemo */;
			targetProxy = 0C9EF6C622A9AF5B00D41923 /* PBXContainerItemProxy */;
		};
		OBJ_250 /* PBXTargetDependency */ = {
			isa = PBXTargetDependency;
			target = "SwiftPM::Utility" /* Utility */;
			targetProxy = 0C9EF6C722A9AF5B00D41923 /* PBXContainerItemProxy */;
		};
		OBJ_251 /* PBXTargetDependency */ = {
			isa = PBXTargetDependency;
			target = "SwiftPM::Basic" /* Basic */;
			targetProxy = 0C9EF6C822A9AF5B00D41923 /* PBXContainerItemProxy */;
		};
		OBJ_252 /* PBXTargetDependency */ = {
			isa = PBXTargetDependency;
			target = "SwiftPM::POSIX" /* POSIX */;
			targetProxy = 0C9EF6C922A9AF5B00D41923 /* PBXContainerItemProxy */;
		};
		OBJ_253 /* PBXTargetDependency */ = {
			isa = PBXTargetDependency;
			target = "SwiftPM::SPMLibc" /* SPMLibc */;
			targetProxy = 0C9EF6CA22A9AF5B00D41923 /* PBXContainerItemProxy */;
		};
		OBJ_254 /* PBXTargetDependency */ = {
			isa = PBXTargetDependency;
			target = "SwiftPM::clibc" /* clibc */;
			targetProxy = 0C9EF6CB22A9AF5B00D41923 /* PBXContainerItemProxy */;
		};
		OBJ_283 /* PBXTargetDependency */ = {
			isa = PBXTargetDependency;
			target = "SwiftPM::Basic" /* Basic */;
			targetProxy = 0C9EF6B822A9AF5B00D41923 /* PBXContainerItemProxy */;
		};
		OBJ_284 /* PBXTargetDependency */ = {
			isa = PBXTargetDependency;
			target = "SwiftPM::POSIX" /* POSIX */;
			targetProxy = 0C9EF6BF22A9AF5B00D41923 /* PBXContainerItemProxy */;
		};
		OBJ_285 /* PBXTargetDependency */ = {
			isa = PBXTargetDependency;
			target = "SwiftPM::SPMLibc" /* SPMLibc */;
			targetProxy = 0C9EF6C022A9AF5B00D41923 /* PBXContainerItemProxy */;
		};
		OBJ_286 /* PBXTargetDependency */ = {
			isa = PBXTargetDependency;
			target = "SwiftPM::clibc" /* clibc */;
			targetProxy = 0C9EF6C122A9AF5B00D41923 /* PBXContainerItemProxy */;
		};
/* End PBXTargetDependency section */

/* Begin XCBuildConfiguration section */
		OBJ_122 /* Debug */ = {
			isa = XCBuildConfiguration;
			buildSettings = {
				ENABLE_TESTABILITY = YES;
				FRAMEWORK_SEARCH_PATHS = (
					"$(inherited)",
					"$(PLATFORM_DIR)/Developer/Library/Frameworks",
				);
				HEADER_SEARCH_PATHS = (
					"$(inherited)",
					"$(SRCROOT)/.build/checkouts/swift-package-manager/Sources/clibc/include",
				);
				INFOPLIST_FILE = SwiftUtility.xcodeproj/Basic_Info.plist;
				LD_RUNPATH_SEARCH_PATHS = "$(inherited) $(TOOLCHAIN_DIR)/usr/lib/swift/macosx";
				OTHER_CFLAGS = "$(inherited)";
				OTHER_LDFLAGS = "$(inherited)";
				OTHER_SWIFT_FLAGS = "$(inherited) -Xcc -fmodule-map-file=$(SRCROOT)/.build/checkouts/swift-package-manager/Sources/clibc/include/module.modulemap";
				PRODUCT_BUNDLE_IDENTIFIER = Basic;
				PRODUCT_MODULE_NAME = "$(TARGET_NAME:c99extidentifier)";
				PRODUCT_NAME = "$(TARGET_NAME:c99extidentifier)";
				SKIP_INSTALL = YES;
				SWIFT_ACTIVE_COMPILATION_CONDITIONS = "$(inherited)";
				SWIFT_VERSION = 4.0;
				TARGET_NAME = Basic;
			};
			name = Debug;
		};
		OBJ_123 /* Release */ = {
			isa = XCBuildConfiguration;
			buildSettings = {
				ENABLE_TESTABILITY = YES;
				FRAMEWORK_SEARCH_PATHS = (
					"$(inherited)",
					"$(PLATFORM_DIR)/Developer/Library/Frameworks",
				);
				HEADER_SEARCH_PATHS = (
					"$(inherited)",
					"$(SRCROOT)/.build/checkouts/swift-package-manager/Sources/clibc/include",
				);
				INFOPLIST_FILE = SwiftUtility.xcodeproj/Basic_Info.plist;
				LD_RUNPATH_SEARCH_PATHS = "$(inherited) $(TOOLCHAIN_DIR)/usr/lib/swift/macosx";
				OTHER_CFLAGS = "$(inherited)";
				OTHER_LDFLAGS = "$(inherited)";
				OTHER_SWIFT_FLAGS = "$(inherited) -Xcc -fmodule-map-file=$(SRCROOT)/.build/checkouts/swift-package-manager/Sources/clibc/include/module.modulemap";
				PRODUCT_BUNDLE_IDENTIFIER = Basic;
				PRODUCT_MODULE_NAME = "$(TARGET_NAME:c99extidentifier)";
				PRODUCT_NAME = "$(TARGET_NAME:c99extidentifier)";
				SKIP_INSTALL = YES;
				SWIFT_ACTIVE_COMPILATION_CONDITIONS = "$(inherited)";
				SWIFT_VERSION = 4.0;
				TARGET_NAME = Basic;
			};
			name = Release;
		};
		OBJ_174 /* Debug */ = {
			isa = XCBuildConfiguration;
			buildSettings = {
				ENABLE_TESTABILITY = YES;
				FRAMEWORK_SEARCH_PATHS = (
					"$(inherited)",
					"$(PLATFORM_DIR)/Developer/Library/Frameworks",
				);
				HEADER_SEARCH_PATHS = (
					"$(inherited)",
					"$(SRCROOT)/.build/checkouts/swift-package-manager/Sources/clibc/include",
				);
				INFOPLIST_FILE = SwiftUtility.xcodeproj/POSIX_Info.plist;
				LD_RUNPATH_SEARCH_PATHS = "$(inherited) $(TOOLCHAIN_DIR)/usr/lib/swift/macosx";
				OTHER_CFLAGS = "$(inherited)";
				OTHER_LDFLAGS = "$(inherited)";
				OTHER_SWIFT_FLAGS = "$(inherited) -Xcc -fmodule-map-file=$(SRCROOT)/.build/checkouts/swift-package-manager/Sources/clibc/include/module.modulemap";
				PRODUCT_BUNDLE_IDENTIFIER = POSIX;
				PRODUCT_MODULE_NAME = "$(TARGET_NAME:c99extidentifier)";
				PRODUCT_NAME = "$(TARGET_NAME:c99extidentifier)";
				SKIP_INSTALL = YES;
				SWIFT_ACTIVE_COMPILATION_CONDITIONS = "$(inherited)";
				SWIFT_VERSION = 4.0;
				TARGET_NAME = POSIX;
			};
			name = Debug;
		};
		OBJ_175 /* Release */ = {
			isa = XCBuildConfiguration;
			buildSettings = {
				ENABLE_TESTABILITY = YES;
				FRAMEWORK_SEARCH_PATHS = (
					"$(inherited)",
					"$(PLATFORM_DIR)/Developer/Library/Frameworks",
				);
				HEADER_SEARCH_PATHS = (
					"$(inherited)",
					"$(SRCROOT)/.build/checkouts/swift-package-manager/Sources/clibc/include",
				);
				INFOPLIST_FILE = SwiftUtility.xcodeproj/POSIX_Info.plist;
				LD_RUNPATH_SEARCH_PATHS = "$(inherited) $(TOOLCHAIN_DIR)/usr/lib/swift/macosx";
				OTHER_CFLAGS = "$(inherited)";
				OTHER_LDFLAGS = "$(inherited)";
				OTHER_SWIFT_FLAGS = "$(inherited) -Xcc -fmodule-map-file=$(SRCROOT)/.build/checkouts/swift-package-manager/Sources/clibc/include/module.modulemap";
				PRODUCT_BUNDLE_IDENTIFIER = POSIX;
				PRODUCT_MODULE_NAME = "$(TARGET_NAME:c99extidentifier)";
				PRODUCT_NAME = "$(TARGET_NAME:c99extidentifier)";
				SKIP_INSTALL = YES;
				SWIFT_ACTIVE_COMPILATION_CONDITIONS = "$(inherited)";
				SWIFT_VERSION = 4.0;
				TARGET_NAME = POSIX;
			};
			name = Release;
		};
		OBJ_194 /* Debug */ = {
			isa = XCBuildConfiguration;
			buildSettings = {
				ENABLE_TESTABILITY = YES;
				FRAMEWORK_SEARCH_PATHS = (
					"$(inherited)",
					"$(PLATFORM_DIR)/Developer/Library/Frameworks",
				);
				HEADER_SEARCH_PATHS = (
					"$(inherited)",
					"$(SRCROOT)/.build/checkouts/swift-package-manager/Sources/clibc/include",
				);
				INFOPLIST_FILE = SwiftUtility.xcodeproj/SPMLibc_Info.plist;
				LD_RUNPATH_SEARCH_PATHS = "$(inherited) $(TOOLCHAIN_DIR)/usr/lib/swift/macosx";
				OTHER_CFLAGS = "$(inherited)";
				OTHER_LDFLAGS = "$(inherited)";
				OTHER_SWIFT_FLAGS = "$(inherited) -Xcc -fmodule-map-file=$(SRCROOT)/.build/checkouts/swift-package-manager/Sources/clibc/include/module.modulemap";
				PRODUCT_BUNDLE_IDENTIFIER = SPMLibc;
				PRODUCT_MODULE_NAME = "$(TARGET_NAME:c99extidentifier)";
				PRODUCT_NAME = "$(TARGET_NAME:c99extidentifier)";
				SKIP_INSTALL = YES;
				SWIFT_ACTIVE_COMPILATION_CONDITIONS = "$(inherited)";
				SWIFT_VERSION = 4.0;
				TARGET_NAME = SPMLibc;
			};
			name = Debug;
		};
		OBJ_195 /* Release */ = {
			isa = XCBuildConfiguration;
			buildSettings = {
				ENABLE_TESTABILITY = YES;
				FRAMEWORK_SEARCH_PATHS = (
					"$(inherited)",
					"$(PLATFORM_DIR)/Developer/Library/Frameworks",
				);
				HEADER_SEARCH_PATHS = (
					"$(inherited)",
					"$(SRCROOT)/.build/checkouts/swift-package-manager/Sources/clibc/include",
				);
				INFOPLIST_FILE = SwiftUtility.xcodeproj/SPMLibc_Info.plist;
				LD_RUNPATH_SEARCH_PATHS = "$(inherited) $(TOOLCHAIN_DIR)/usr/lib/swift/macosx";
				OTHER_CFLAGS = "$(inherited)";
				OTHER_LDFLAGS = "$(inherited)";
				OTHER_SWIFT_FLAGS = "$(inherited) -Xcc -fmodule-map-file=$(SRCROOT)/.build/checkouts/swift-package-manager/Sources/clibc/include/module.modulemap";
				PRODUCT_BUNDLE_IDENTIFIER = SPMLibc;
				PRODUCT_MODULE_NAME = "$(TARGET_NAME:c99extidentifier)";
				PRODUCT_NAME = "$(TARGET_NAME:c99extidentifier)";
				SKIP_INSTALL = YES;
				SWIFT_ACTIVE_COMPILATION_CONDITIONS = "$(inherited)";
				SWIFT_VERSION = 4.0;
				TARGET_NAME = SPMLibc;
			};
			name = Release;
		};
		OBJ_203 /* Debug */ = {
			isa = XCBuildConfiguration;
			buildSettings = {
				LD = /usr/bin/true;
				OTHER_SWIFT_FLAGS = "-swift-version 4 -I $(TOOLCHAIN_DIR)/usr/lib/swift/pm/4 -target x86_64-apple-macosx10.10 -sdk /Applications/Xcode.app/Contents/Developer/Platforms/MacOSX.platform/Developer/SDKs/MacOSX10.14.sdk";
				SWIFT_VERSION = 4.0;
			};
			name = Debug;
		};
		OBJ_204 /* Release */ = {
			isa = XCBuildConfiguration;
			buildSettings = {
				LD = /usr/bin/true;
				OTHER_SWIFT_FLAGS = "-swift-version 4 -I $(TOOLCHAIN_DIR)/usr/lib/swift/pm/4 -target x86_64-apple-macosx10.10 -sdk /Applications/Xcode.app/Contents/Developer/Platforms/MacOSX.platform/Developer/SDKs/MacOSX10.14.sdk";
				SWIFT_VERSION = 4.0;
			};
			name = Release;
		};
		OBJ_209 /* Debug */ = {
			isa = XCBuildConfiguration;
			buildSettings = {
				FRAMEWORK_SEARCH_PATHS = (
					"$(inherited)",
					"$(PLATFORM_DIR)/Developer/Library/Frameworks",
				);
				HEADER_SEARCH_PATHS = (
					"$(inherited)",
					"$(SRCROOT)/.build/checkouts/swift-package-manager/Sources/clibc/include",
				);
				INFOPLIST_FILE = SwiftUtility.xcodeproj/SwiftUtility_Info.plist;
				IPHONEOS_DEPLOYMENT_TARGET = 8.0;
				LD_RUNPATH_SEARCH_PATHS = "$(inherited) $(TOOLCHAIN_DIR)/usr/lib/swift/macosx @executable_path";
				MACOSX_DEPLOYMENT_TARGET = 10.10;
				OTHER_CFLAGS = "$(inherited)";
				OTHER_LDFLAGS = "$(inherited)";
				OTHER_SWIFT_FLAGS = "$(inherited) -Xcc -fmodule-map-file=$(SRCROOT)/.build/checkouts/swift-package-manager/Sources/clibc/include/module.modulemap";
				PRODUCT_NAME = SwiftUtilityDemo;
				SWIFT_ACTIVE_COMPILATION_CONDITIONS = "$(inherited)";
				SWIFT_FORCE_DYNAMIC_LINK_STDLIB = YES;
				SWIFT_FORCE_STATIC_LINK_STDLIB = NO;
				SWIFT_VERSION = 5.0;
				TARGET_NAME = SwiftUtility;
				TVOS_DEPLOYMENT_TARGET = 9.0;
				WATCHOS_DEPLOYMENT_TARGET = 2.0;
			};
			name = Debug;
		};
		OBJ_210 /* Release */ = {
			isa = XCBuildConfiguration;
			buildSettings = {
				FRAMEWORK_SEARCH_PATHS = (
					"$(inherited)",
					"$(PLATFORM_DIR)/Developer/Library/Frameworks",
				);
				HEADER_SEARCH_PATHS = (
					"$(inherited)",
					"$(SRCROOT)/.build/checkouts/swift-package-manager/Sources/clibc/include",
				);
				INFOPLIST_FILE = SwiftUtility.xcodeproj/SwiftUtility_Info.plist;
				IPHONEOS_DEPLOYMENT_TARGET = 8.0;
				LD_RUNPATH_SEARCH_PATHS = "$(inherited) $(TOOLCHAIN_DIR)/usr/lib/swift/macosx @executable_path";
				MACOSX_DEPLOYMENT_TARGET = 10.10;
				OTHER_CFLAGS = "$(inherited)";
				OTHER_LDFLAGS = "$(inherited)";
				OTHER_SWIFT_FLAGS = "$(inherited) -Xcc -fmodule-map-file=$(SRCROOT)/.build/checkouts/swift-package-manager/Sources/clibc/include/module.modulemap";
				PRODUCT_NAME = SwiftUtilityDemo;
				SWIFT_ACTIVE_COMPILATION_CONDITIONS = "$(inherited)";
				SWIFT_FORCE_DYNAMIC_LINK_STDLIB = YES;
				SWIFT_FORCE_STATIC_LINK_STDLIB = NO;
				SWIFT_VERSION = 5.0;
				TARGET_NAME = SwiftUtility;
				TVOS_DEPLOYMENT_TARGET = 9.0;
				WATCHOS_DEPLOYMENT_TARGET = 2.0;
			};
			name = Release;
		};
		OBJ_227 /* Debug */ = {
			isa = XCBuildConfiguration;
			buildSettings = {
				LD = /usr/bin/true;
				OTHER_SWIFT_FLAGS = "-swift-version 5 -I $(TOOLCHAIN_DIR)/usr/lib/swift/pm/4_2 -target x86_64-apple-macosx10.10 -sdk /Applications/Xcode.app/Contents/Developer/Platforms/MacOSX.platform/Developer/SDKs/MacOSX10.14.sdk";
				PRODUCT_NAME = SwiftUtilityDemoPackageDescription;
				SWIFT_VERSION = 5.0;
			};
			name = Debug;
		};
		OBJ_228 /* Release */ = {
			isa = XCBuildConfiguration;
			buildSettings = {
				LD = /usr/bin/true;
				OTHER_SWIFT_FLAGS = "-swift-version 5 -I $(TOOLCHAIN_DIR)/usr/lib/swift/pm/4_2 -target x86_64-apple-macosx10.10 -sdk /Applications/Xcode.app/Contents/Developer/Platforms/MacOSX.platform/Developer/SDKs/MacOSX10.14.sdk";
				PRODUCT_NAME = SwiftUtilityDemoPackageDescription;
				SWIFT_VERSION = 5.0;
			};
			name = Release;
		};
		OBJ_233 /* Debug */ = {
			isa = XCBuildConfiguration;
			buildSettings = {
				PRODUCT_NAME = SwiftUtilityDemoPackageTests;
			};
			name = Debug;
		};
		OBJ_234 /* Release */ = {
			isa = XCBuildConfiguration;
			buildSettings = {
				PRODUCT_NAME = SwiftUtilityDemoPackageTests;
			};
			name = Release;
		};
		OBJ_238 /* Debug */ = {
			isa = XCBuildConfiguration;
			buildSettings = {
				CLANG_ENABLE_MODULES = YES;
				EMBEDDED_CONTENT_CONTAINS_SWIFT = YES;
				FRAMEWORK_SEARCH_PATHS = (
					"$(inherited)",
					"$(PLATFORM_DIR)/Developer/Library/Frameworks",
				);
				HEADER_SEARCH_PATHS = (
					"$(inherited)",
					"$(SRCROOT)/.build/checkouts/swift-package-manager/Sources/clibc/include",
				);
				INFOPLIST_FILE = SwiftUtility.xcodeproj/SwiftUtilityTests_Info.plist;
				IPHONEOS_DEPLOYMENT_TARGET = 8.0;
				LD_RUNPATH_SEARCH_PATHS = "$(inherited) @loader_path/../Frameworks @loader_path/Frameworks";
				MACOSX_DEPLOYMENT_TARGET = 10.10;
				OTHER_CFLAGS = "$(inherited)";
				OTHER_LDFLAGS = "$(inherited)";
				OTHER_SWIFT_FLAGS = "$(inherited) -Xcc -fmodule-map-file=$(SRCROOT)/.build/checkouts/swift-package-manager/Sources/clibc/include/module.modulemap";
				PRODUCT_NAME = SwiftUtilityDemoTests;
				SWIFT_ACTIVE_COMPILATION_CONDITIONS = "$(inherited)";
				SWIFT_VERSION = 5.0;
				TARGET_NAME = SwiftUtilityTests;
				TVOS_DEPLOYMENT_TARGET = 9.0;
				WATCHOS_DEPLOYMENT_TARGET = 2.0;
			};
			name = Debug;
		};
		OBJ_239 /* Release */ = {
			isa = XCBuildConfiguration;
			buildSettings = {
				CLANG_ENABLE_MODULES = YES;
				EMBEDDED_CONTENT_CONTAINS_SWIFT = YES;
				FRAMEWORK_SEARCH_PATHS = (
					"$(inherited)",
					"$(PLATFORM_DIR)/Developer/Library/Frameworks",
				);
				HEADER_SEARCH_PATHS = (
					"$(inherited)",
					"$(SRCROOT)/.build/checkouts/swift-package-manager/Sources/clibc/include",
				);
				INFOPLIST_FILE = SwiftUtility.xcodeproj/SwiftUtilityTests_Info.plist;
				IPHONEOS_DEPLOYMENT_TARGET = 8.0;
				LD_RUNPATH_SEARCH_PATHS = "$(inherited) @loader_path/../Frameworks @loader_path/Frameworks";
				MACOSX_DEPLOYMENT_TARGET = 10.10;
				OTHER_CFLAGS = "$(inherited)";
				OTHER_LDFLAGS = "$(inherited)";
				OTHER_SWIFT_FLAGS = "$(inherited) -Xcc -fmodule-map-file=$(SRCROOT)/.build/checkouts/swift-package-manager/Sources/clibc/include/module.modulemap";
				PRODUCT_NAME = SwiftUtilityDemoTests;
				SWIFT_ACTIVE_COMPILATION_CONDITIONS = "$(inherited)";
				SWIFT_VERSION = 5.0;
				TARGET_NAME = SwiftUtilityTests;
				TVOS_DEPLOYMENT_TARGET = 9.0;
				WATCHOS_DEPLOYMENT_TARGET = 2.0;
			};
			name = Release;
		};
		OBJ_256 /* Debug */ = {
			isa = XCBuildConfiguration;
			buildSettings = {
				ENABLE_TESTABILITY = YES;
				FRAMEWORK_SEARCH_PATHS = (
					"$(inherited)",
					"$(PLATFORM_DIR)/Developer/Library/Frameworks",
				);
				HEADER_SEARCH_PATHS = (
					"$(inherited)",
					"$(SRCROOT)/.build/checkouts/swift-package-manager/Sources/clibc/include",
				);
				INFOPLIST_FILE = SwiftUtility.xcodeproj/Utility_Info.plist;
				LD_RUNPATH_SEARCH_PATHS = "$(inherited) $(TOOLCHAIN_DIR)/usr/lib/swift/macosx";
				OTHER_CFLAGS = "$(inherited)";
				OTHER_LDFLAGS = "$(inherited)";
				OTHER_SWIFT_FLAGS = "$(inherited) -Xcc -fmodule-map-file=$(SRCROOT)/.build/checkouts/swift-package-manager/Sources/clibc/include/module.modulemap";
				PRODUCT_BUNDLE_IDENTIFIER = Utility;
				PRODUCT_MODULE_NAME = "$(TARGET_NAME:c99extidentifier)";
				PRODUCT_NAME = "$(TARGET_NAME:c99extidentifier)";
				SKIP_INSTALL = YES;
				SWIFT_ACTIVE_COMPILATION_CONDITIONS = "$(inherited)";
				SWIFT_VERSION = 4.0;
				TARGET_NAME = Utility;
			};
			name = Debug;
		};
		OBJ_257 /* Release */ = {
			isa = XCBuildConfiguration;
			buildSettings = {
				ENABLE_TESTABILITY = YES;
				FRAMEWORK_SEARCH_PATHS = (
					"$(inherited)",
					"$(PLATFORM_DIR)/Developer/Library/Frameworks",
				);
				HEADER_SEARCH_PATHS = (
					"$(inherited)",
					"$(SRCROOT)/.build/checkouts/swift-package-manager/Sources/clibc/include",
				);
				INFOPLIST_FILE = SwiftUtility.xcodeproj/Utility_Info.plist;
				LD_RUNPATH_SEARCH_PATHS = "$(inherited) $(TOOLCHAIN_DIR)/usr/lib/swift/macosx";
				OTHER_CFLAGS = "$(inherited)";
				OTHER_LDFLAGS = "$(inherited)";
				OTHER_SWIFT_FLAGS = "$(inherited) -Xcc -fmodule-map-file=$(SRCROOT)/.build/checkouts/swift-package-manager/Sources/clibc/include/module.modulemap";
				PRODUCT_BUNDLE_IDENTIFIER = Utility;
				PRODUCT_MODULE_NAME = "$(TARGET_NAME:c99extidentifier)";
				PRODUCT_NAME = "$(TARGET_NAME:c99extidentifier)";
				SKIP_INSTALL = YES;
				SWIFT_ACTIVE_COMPILATION_CONDITIONS = "$(inherited)";
				SWIFT_VERSION = 4.0;
				TARGET_NAME = Utility;
			};
			name = Release;
		};
		OBJ_288 /* Debug */ = {
			isa = XCBuildConfiguration;
			buildSettings = {
				DEFINES_MODULE = NO;
				ENABLE_TESTABILITY = YES;
				FRAMEWORK_SEARCH_PATHS = (
					"$(inherited)",
					"$(PLATFORM_DIR)/Developer/Library/Frameworks",
				);
				HEADER_SEARCH_PATHS = (
					"$(inherited)",
					"$(SRCROOT)/.build/checkouts/swift-package-manager/Sources/clibc/include",
				);
				INFOPLIST_FILE = SwiftUtility.xcodeproj/clibc_Info.plist;
				LD_RUNPATH_SEARCH_PATHS = "$(inherited) $(TOOLCHAIN_DIR)/usr/lib/swift/macosx";
				OTHER_CFLAGS = "$(inherited)";
				OTHER_LDFLAGS = "$(inherited)";
				OTHER_SWIFT_FLAGS = "$(inherited)";
				PRODUCT_BUNDLE_IDENTIFIER = clibc;
				PRODUCT_MODULE_NAME = "$(TARGET_NAME:c99extidentifier)";
				PRODUCT_NAME = "$(TARGET_NAME:c99extidentifier)";
				SKIP_INSTALL = YES;
				SWIFT_ACTIVE_COMPILATION_CONDITIONS = "$(inherited)";
				TARGET_NAME = clibc;
			};
			name = Debug;
		};
		OBJ_289 /* Release */ = {
			isa = XCBuildConfiguration;
			buildSettings = {
				DEFINES_MODULE = NO;
				ENABLE_TESTABILITY = YES;
				FRAMEWORK_SEARCH_PATHS = (
					"$(inherited)",
					"$(PLATFORM_DIR)/Developer/Library/Frameworks",
				);
				HEADER_SEARCH_PATHS = (
					"$(inherited)",
					"$(SRCROOT)/.build/checkouts/swift-package-manager/Sources/clibc/include",
				);
				INFOPLIST_FILE = SwiftUtility.xcodeproj/clibc_Info.plist;
				LD_RUNPATH_SEARCH_PATHS = "$(inherited) $(TOOLCHAIN_DIR)/usr/lib/swift/macosx";
				OTHER_CFLAGS = "$(inherited)";
				OTHER_LDFLAGS = "$(inherited)";
				OTHER_SWIFT_FLAGS = "$(inherited)";
				PRODUCT_BUNDLE_IDENTIFIER = clibc;
				PRODUCT_MODULE_NAME = "$(TARGET_NAME:c99extidentifier)";
				PRODUCT_NAME = "$(TARGET_NAME:c99extidentifier)";
				SKIP_INSTALL = YES;
				SWIFT_ACTIVE_COMPILATION_CONDITIONS = "$(inherited)";
				TARGET_NAME = clibc;
			};
			name = Release;
		};
		OBJ_3 /* Debug */ = {
			isa = XCBuildConfiguration;
			buildSettings = {
				CLANG_ENABLE_OBJC_ARC = YES;
				COMBINE_HIDPI_IMAGES = YES;
				COPY_PHASE_STRIP = NO;
				DEBUG_INFORMATION_FORMAT = dwarf;
				DYLIB_INSTALL_NAME_BASE = "@rpath";
				ENABLE_NS_ASSERTIONS = YES;
				GCC_OPTIMIZATION_LEVEL = 0;
				GCC_PREPROCESSOR_DEFINITIONS = (
					"$(inherited)",
					"SWIFT_PACKAGE=1",
					"DEBUG=1",
				);
				MACOSX_DEPLOYMENT_TARGET = 10.10;
				ONLY_ACTIVE_ARCH = YES;
				OTHER_SWIFT_FLAGS = "-DXcode";
				PRODUCT_NAME = "$(TARGET_NAME)";
				SDKROOT = macosx;
				SUPPORTED_PLATFORMS = "macosx iphoneos iphonesimulator appletvos appletvsimulator watchos watchsimulator";
				SWIFT_ACTIVE_COMPILATION_CONDITIONS = "$(inherited) SWIFT_PACKAGE DEBUG";
				SWIFT_OPTIMIZATION_LEVEL = "-Onone";
				USE_HEADERMAP = NO;
			};
			name = Debug;
		};
		OBJ_4 /* Release */ = {
			isa = XCBuildConfiguration;
			buildSettings = {
				CLANG_ENABLE_OBJC_ARC = YES;
				COMBINE_HIDPI_IMAGES = YES;
				COPY_PHASE_STRIP = YES;
				DEBUG_INFORMATION_FORMAT = "dwarf-with-dsym";
				DYLIB_INSTALL_NAME_BASE = "@rpath";
				GCC_OPTIMIZATION_LEVEL = s;
				GCC_PREPROCESSOR_DEFINITIONS = (
					"$(inherited)",
					"SWIFT_PACKAGE=1",
				);
				MACOSX_DEPLOYMENT_TARGET = 10.10;
				OTHER_SWIFT_FLAGS = "-DXcode";
				PRODUCT_NAME = "$(TARGET_NAME)";
				SDKROOT = macosx;
				SUPPORTED_PLATFORMS = "macosx iphoneos iphonesimulator appletvos appletvsimulator watchos watchsimulator";
				SWIFT_ACTIVE_COMPILATION_CONDITIONS = "$(inherited) SWIFT_PACKAGE";
				SWIFT_OPTIMIZATION_LEVEL = "-Owholemodule";
				USE_HEADERMAP = NO;
			};
			name = Release;
		};
/* End XCBuildConfiguration section */

/* Begin XCConfigurationList section */
		OBJ_121 /* Build configuration list for PBXNativeTarget "Basic" */ = {
			isa = XCConfigurationList;
			buildConfigurations = (
				OBJ_122 /* Debug */,
				OBJ_123 /* Release */,
			);
			defaultConfigurationIsVisible = 0;
			defaultConfigurationName = Release;
		};
		OBJ_173 /* Build configuration list for PBXNativeTarget "POSIX" */ = {
			isa = XCConfigurationList;
			buildConfigurations = (
				OBJ_174 /* Debug */,
				OBJ_175 /* Release */,
			);
			defaultConfigurationIsVisible = 0;
			defaultConfigurationName = Release;
		};
		OBJ_193 /* Build configuration list for PBXNativeTarget "SPMLibc" */ = {
			isa = XCConfigurationList;
			buildConfigurations = (
				OBJ_194 /* Debug */,
				OBJ_195 /* Release */,
			);
			defaultConfigurationIsVisible = 0;
			defaultConfigurationName = Release;
		};
		OBJ_2 /* Build configuration list for PBXProject "SwiftUtilityDemo" */ = {
			isa = XCConfigurationList;
			buildConfigurations = (
				OBJ_3 /* Debug */,
				OBJ_4 /* Release */,
			);
			defaultConfigurationIsVisible = 0;
			defaultConfigurationName = Release;
		};
		OBJ_202 /* Build configuration list for PBXNativeTarget "SwiftPMPackageDescription" */ = {
			isa = XCConfigurationList;
			buildConfigurations = (
				OBJ_203 /* Debug */,
				OBJ_204 /* Release */,
			);
			defaultConfigurationIsVisible = 0;
			defaultConfigurationName = Release;
		};
		OBJ_208 /* Build configuration list for PBXNativeTarget "SwiftUtilityDemo" */ = {
			isa = XCConfigurationList;
			buildConfigurations = (
				OBJ_209 /* Debug */,
				OBJ_210 /* Release */,
			);
			defaultConfigurationIsVisible = 0;
			defaultConfigurationName = Release;
		};
		OBJ_226 /* Build configuration list for PBXNativeTarget "SwiftUtilityDemoPackageDescription" */ = {
			isa = XCConfigurationList;
			buildConfigurations = (
				OBJ_227 /* Debug */,
				OBJ_228 /* Release */,
			);
			defaultConfigurationIsVisible = 0;
			defaultConfigurationName = Release;
		};
		OBJ_232 /* Build configuration list for PBXAggregateTarget "SwiftUtilityDemoPackageTests" */ = {
			isa = XCConfigurationList;
			buildConfigurations = (
				OBJ_233 /* Debug */,
				OBJ_234 /* Release */,
			);
			defaultConfigurationIsVisible = 0;
			defaultConfigurationName = Release;
		};
		OBJ_237 /* Build configuration list for PBXNativeTarget "SwiftUtilityDemoTests" */ = {
			isa = XCConfigurationList;
			buildConfigurations = (
				OBJ_238 /* Debug */,
				OBJ_239 /* Release */,
			);
			defaultConfigurationIsVisible = 0;
			defaultConfigurationName = Release;
		};
		OBJ_255 /* Build configuration list for PBXNativeTarget "Utility" */ = {
			isa = XCConfigurationList;
			buildConfigurations = (
				OBJ_256 /* Debug */,
				OBJ_257 /* Release */,
			);
			defaultConfigurationIsVisible = 0;
			defaultConfigurationName = Release;
		};
		OBJ_287 /* Build configuration list for PBXNativeTarget "clibc" */ = {
			isa = XCConfigurationList;
			buildConfigurations = (
				OBJ_288 /* Debug */,
				OBJ_289 /* Release */,
			);
			defaultConfigurationIsVisible = 0;
			defaultConfigurationName = Release;
		};
/* End XCConfigurationList section */
	};
	rootObject = OBJ_1 /* Project object */;
}
